// !$*UTF8*$!
{
	archiveVersion = 1;
	classes = {
	};
	objectVersion = 52;
	objects = {

/* Begin PBXBuildFile section */
		C632E5F9261CDF0E0033656B /* GetAirports.swift in Sources */ = {isa = PBXBuildFile; fileRef = C632E5F8261CDF0E0033656B /* GetAirports.swift */; };
		C632E5FC261CDF930033656B /* Airports.swift in Sources */ = {isa = PBXBuildFile; fileRef = C632E5FB261CDF930033656B /* Airports.swift */; };
		C632E603261CE0600033656B /* DomainError.swift in Sources */ = {isa = PBXBuildFile; fileRef = C632E602261CE0600033656B /* DomainError.swift */; };
		C632E619261CE2320033656B /* RemoteGetAirports.swift in Sources */ = {isa = PBXBuildFile; fileRef = C632E618261CE2320033656B /* RemoteGetAirports.swift */; };
		C632E61E261CE25F0033656B /* Domain.framework in Frameworks */ = {isa = PBXBuildFile; fileRef = C632E5EF261CDEAD0033656B /* Domain.framework */; };
		C632E61F261CE25F0033656B /* Domain.framework in Embed Frameworks */ = {isa = PBXBuildFile; fileRef = C632E5EF261CDEAD0033656B /* Domain.framework */; settings = {ATTRIBUTES = (CodeSignOnCopy, RemoveHeadersOnCopy, ); }; };
		C632E626261CE2DC0033656B /* HttpClient.swift in Sources */ = {isa = PBXBuildFile; fileRef = C632E625261CE2DC0033656B /* HttpClient.swift */; };
		C632E62A261CE2EC0033656B /* HttpError.swift in Sources */ = {isa = PBXBuildFile; fileRef = C632E629261CE2EC0033656B /* HttpError.swift */; };
		C65A7EEF261CE5450077F02C /* AirportsAPI.swift in Sources */ = {isa = PBXBuildFile; fileRef = C65A7EEE261CE5450077F02C /* AirportsAPI.swift */; };
		C65A7EF2261CE9570077F02C /* AirportResource.swift in Sources */ = {isa = PBXBuildFile; fileRef = C65A7EF1261CE9570077F02C /* AirportResource.swift */; };
		C65A7EF5261CE9730077F02C /* GetAirportsRequest.swift in Sources */ = {isa = PBXBuildFile; fileRef = C65A7EF4261CE9730077F02C /* GetAirportsRequest.swift */; };
		C65A7EF9261CEAB30077F02C /* DataExtensions.swift in Sources */ = {isa = PBXBuildFile; fileRef = C65A7EF8261CEAB30077F02C /* DataExtensions.swift */; };
		C65A7EFD261CEB200077F02C /* Model.swift in Sources */ = {isa = PBXBuildFile; fileRef = C65A7EFC261CEB1F0077F02C /* Model.swift */; };
		C65A7F20261CF3E20077F02C /* Data.framework in Frameworks */ = {isa = PBXBuildFile; fileRef = C632E60C261CE1B20033656B /* Data.framework */; };
		C65A7F31261CF4950077F02C /* RemoteGetAirportsTests.swift in Sources */ = {isa = PBXBuildFile; fileRef = C65A7F30261CF4950077F02C /* RemoteGetAirportsTests.swift */; };
		C65A7F38261CF5C90077F02C /* HttpClientSpy.swift in Sources */ = {isa = PBXBuildFile; fileRef = C65A7F37261CF5C90077F02C /* HttpClientSpy.swift */; };
		C65A7F3F261CF6D30077F02C /* TestFactory.swift in Sources */ = {isa = PBXBuildFile; fileRef = C65A7F3E261CF6D30077F02C /* TestFactory.swift */; };
		C65A7F46261CF7610077F02C /* getAirportsJSON.swift in Sources */ = {isa = PBXBuildFile; fileRef = C65A7F45261CF7610077F02C /* getAirportsJSON.swift */; };
		C65A7F4C261CF9540077F02C /* TestExtensions.swift in Sources */ = {isa = PBXBuildFile; fileRef = C65A7F4B261CF9540077F02C /* TestExtensions.swift */; };
		C65A7F61261D01F30077F02C /* Infra.framework in Frameworks */ = {isa = PBXBuildFile; fileRef = C65A7F58261D01F30077F02C /* Infra.framework */; };
		C65A7F66261D01F30077F02C /* URLSessionAdapterTests.swift in Sources */ = {isa = PBXBuildFile; fileRef = C65A7F65261D01F30077F02C /* URLSessionAdapterTests.swift */; };
		C65A7F78261D02410077F02C /* URLSessionAdapter.swift in Sources */ = {isa = PBXBuildFile; fileRef = C65A7F77261D02410077F02C /* URLSessionAdapter.swift */; };
		C65A7F81261D02A20077F02C /* Data.framework in Frameworks */ = {isa = PBXBuildFile; fileRef = C632E60C261CE1B20033656B /* Data.framework */; };
		C65A7F82261D02A20077F02C /* Data.framework in Embed Frameworks */ = {isa = PBXBuildFile; fileRef = C632E60C261CE1B20033656B /* Data.framework */; settings = {ATTRIBUTES = (CodeSignOnCopy, RemoveHeadersOnCopy, ); }; };
		C65A7F8E261D04040077F02C /* URLProtocolStub.swift in Sources */ = {isa = PBXBuildFile; fileRef = C65A7F8D261D04040077F02C /* URLProtocolStub.swift */; };
		C65A7F96261D04180077F02C /* RequestObserver.swift in Sources */ = {isa = PBXBuildFile; fileRef = C65A7F95261D04180077F02C /* RequestObserver.swift */; };
		C65A7F9A261D047A0077F02C /* TestFactory.swift in Sources */ = {isa = PBXBuildFile; fileRef = C65A7F3E261CF6D30077F02C /* TestFactory.swift */; };
		C65A7F9E261D04A40077F02C /* getAirportsJSON.swift in Sources */ = {isa = PBXBuildFile; fileRef = C65A7F45261CF7610077F02C /* getAirportsJSON.swift */; };
		C65A7FA2261D052D0077F02C /* TestExtensions.swift in Sources */ = {isa = PBXBuildFile; fileRef = C65A7F4B261CF9540077F02C /* TestExtensions.swift */; };
		C65A7FAD261D06540077F02C /* UseCasesIntegrationTests.swift in Sources */ = {isa = PBXBuildFile; fileRef = C65A7FAC261D06540077F02C /* UseCasesIntegrationTests.swift */; };
		C65A7FB7261DD7C20077F02C /* GetFlights.swift in Sources */ = {isa = PBXBuildFile; fileRef = C65A7FB6261DD7C20077F02C /* GetFlights.swift */; };
		C65A7FBD261DD7E20077F02C /* Flights.swift in Sources */ = {isa = PBXBuildFile; fileRef = C65A7FBC261DD7E20077F02C /* Flights.swift */; };
		C65A7FC7261DDE750077F02C /* RemoteGetFlights.swift in Sources */ = {isa = PBXBuildFile; fileRef = C65A7FC6261DDE750077F02C /* RemoteGetFlights.swift */; };
		C65A7FCD261DDEC90077F02C /* getFlightsJSON.swift in Sources */ = {isa = PBXBuildFile; fileRef = C65A7FCC261DDEC90077F02C /* getFlightsJSON.swift */; };
		C65A7FDB261DDFDB0077F02C /* getFlightsJSON.swift in Sources */ = {isa = PBXBuildFile; fileRef = C65A7FCC261DDEC90077F02C /* getFlightsJSON.swift */; };
		C65A7FE9261DEB100077F02C /* RemoteGetFlightsTests.swift in Sources */ = {isa = PBXBuildFile; fileRef = C65A7FE8261DEB100077F02C /* RemoteGetFlightsTests.swift */; };
		C65A7FEF261DEDDA0077F02C /* GetFlightsRequest.swift in Sources */ = {isa = PBXBuildFile; fileRef = C65A7FEE261DEDDA0077F02C /* GetFlightsRequest.swift */; };
		C65A8002261E10600077F02C /* Application.framework in Frameworks */ = {isa = PBXBuildFile; fileRef = C65A7FF9261E10600077F02C /* Application.framework */; };
		C65A8007261E10600077F02C /* ApplicationTests.swift in Sources */ = {isa = PBXBuildFile; fileRef = C65A8006261E10600077F02C /* ApplicationTests.swift */; };
		C65A801C261E10BC0077F02C /* Domain.framework in Frameworks */ = {isa = PBXBuildFile; fileRef = C632E5EF261CDEAD0033656B /* Domain.framework */; platformFilter = ios; };
		C65A801D261E10BC0077F02C /* Domain.framework in Embed Frameworks */ = {isa = PBXBuildFile; fileRef = C632E5EF261CDEAD0033656B /* Domain.framework */; platformFilter = ios; settings = {ATTRIBUTES = (CodeSignOnCopy, RemoveHeadersOnCopy, ); }; };
		C65A8029261E119B0077F02C /* AirportsMapViewController.swift in Sources */ = {isa = PBXBuildFile; fileRef = C65A8028261E119B0077F02C /* AirportsMapViewController.swift */; };
		C65A8030261E11DE0077F02C /* AirportsMapInteractor.swift in Sources */ = {isa = PBXBuildFile; fileRef = C65A802F261E11DE0077F02C /* AirportsMapInteractor.swift */; };
		C65A8037261E120D0077F02C /* AirportsMapPresenter.swift in Sources */ = {isa = PBXBuildFile; fileRef = C65A8036261E120D0077F02C /* AirportsMapPresenter.swift */; };
		C65A803E261E12480077F02C /* AirportsMapRouter.swift in Sources */ = {isa = PBXBuildFile; fileRef = C65A803D261E12480077F02C /* AirportsMapRouter.swift */; };
		C65A8045261E13D20077F02C /* AirportsMapModels.swift in Sources */ = {isa = PBXBuildFile; fileRef = C65A8044261E13D20077F02C /* AirportsMapModels.swift */; };
		C65A804C261E1FBE0077F02C /* Application.swift in Sources */ = {isa = PBXBuildFile; fileRef = C65A804B261E1FBE0077F02C /* Application.swift */; };
		C65A805E261E21D40077F02C /* AppDelegate.swift in Sources */ = {isa = PBXBuildFile; fileRef = C65A805D261E21D40077F02C /* AppDelegate.swift */; };
		C65A8067261E21D60077F02C /* Assets.xcassets in Resources */ = {isa = PBXBuildFile; fileRef = C65A8066261E21D60077F02C /* Assets.xcassets */; };
		C65A806A261E21D60077F02C /* LaunchScreen.storyboard in Resources */ = {isa = PBXBuildFile; fileRef = C65A8068261E21D60077F02C /* LaunchScreen.storyboard */; };
		C65A808D261E23300077F02C /* Application.framework in Frameworks */ = {isa = PBXBuildFile; fileRef = C65A7FF9261E10600077F02C /* Application.framework */; };
		C65A808E261E23300077F02C /* Application.framework in Embed Frameworks */ = {isa = PBXBuildFile; fileRef = C65A7FF9261E10600077F02C /* Application.framework */; settings = {ATTRIBUTES = (CodeSignOnCopy, RemoveHeadersOnCopy, ); }; };
		C65A8091261E23300077F02C /* Data.framework in Frameworks */ = {isa = PBXBuildFile; fileRef = C632E60C261CE1B20033656B /* Data.framework */; };
		C65A8092261E23300077F02C /* Data.framework in Embed Frameworks */ = {isa = PBXBuildFile; fileRef = C632E60C261CE1B20033656B /* Data.framework */; settings = {ATTRIBUTES = (CodeSignOnCopy, RemoveHeadersOnCopy, ); }; };
		C65A8095261E23300077F02C /* Domain.framework in Frameworks */ = {isa = PBXBuildFile; fileRef = C632E5EF261CDEAD0033656B /* Domain.framework */; };
		C65A8096261E23300077F02C /* Domain.framework in Embed Frameworks */ = {isa = PBXBuildFile; fileRef = C632E5EF261CDEAD0033656B /* Domain.framework */; settings = {ATTRIBUTES = (CodeSignOnCopy, RemoveHeadersOnCopy, ); }; };
		C65A8099261E23300077F02C /* Infra.framework in Frameworks */ = {isa = PBXBuildFile; fileRef = C65A7F58261D01F30077F02C /* Infra.framework */; };
		C65A809A261E23300077F02C /* Infra.framework in Embed Frameworks */ = {isa = PBXBuildFile; fileRef = C65A7F58261D01F30077F02C /* Infra.framework */; settings = {ATTRIBUTES = (CodeSignOnCopy, RemoveHeadersOnCopy, ); }; };
		C65A80BA261E25290077F02C /* UI.framework in Frameworks */ = {isa = PBXBuildFile; fileRef = C65A80B3261E25290077F02C /* UI.framework */; };
		C65A80BB261E25290077F02C /* UI.framework in Embed Frameworks */ = {isa = PBXBuildFile; fileRef = C65A80B3261E25290077F02C /* UI.framework */; settings = {ATTRIBUTES = (CodeSignOnCopy, RemoveHeadersOnCopy, ); }; };
		C65A80C5261E256D0077F02C /* UI.framework in Frameworks */ = {isa = PBXBuildFile; fileRef = C65A80B3261E25290077F02C /* UI.framework */; platformFilter = ios; };
		C65A80C6261E256D0077F02C /* UI.framework in Embed Frameworks */ = {isa = PBXBuildFile; fileRef = C65A80B3261E25290077F02C /* UI.framework */; platformFilter = ios; settings = {ATTRIBUTES = (CodeSignOnCopy, RemoveHeadersOnCopy, ); }; };
		C65A80D9261E25DE0077F02C /* AirportsMapView.swift in Sources */ = {isa = PBXBuildFile; fileRef = C65A80D8261E25DE0077F02C /* AirportsMapView.swift */; };
		C65A80E1261E25FE0077F02C /* ViewCode.swift in Sources */ = {isa = PBXBuildFile; fileRef = C65A80E0261E25FE0077F02C /* ViewCode.swift */; };
		C65A80EF261E2D7E0077F02C /* AirportsMapViewModelRepresentable.swift in Sources */ = {isa = PBXBuildFile; fileRef = C65A80EE261E2D7E0077F02C /* AirportsMapViewModelRepresentable.swift */; };
		C65A8128261E4E780077F02C /* AirportDetailViewController.swift in Sources */ = {isa = PBXBuildFile; fileRef = C65A8127261E4E780077F02C /* AirportDetailViewController.swift */; };
		C65A8136261E4F8B0077F02C /* AirportDetailInteractor.swift in Sources */ = {isa = PBXBuildFile; fileRef = C65A8135261E4F8B0077F02C /* AirportDetailInteractor.swift */; };
		C65A813E261E4FAE0077F02C /* AirportDetailPresenter.swift in Sources */ = {isa = PBXBuildFile; fileRef = C65A813D261E4FAE0077F02C /* AirportDetailPresenter.swift */; };
		C65A8146261E4FFF0077F02C /* AirportsDetailRouter.swift in Sources */ = {isa = PBXBuildFile; fileRef = C65A8145261E4FFF0077F02C /* AirportsDetailRouter.swift */; };
		C65A814E261E510E0077F02C /* AirportDetailModels.swift in Sources */ = {isa = PBXBuildFile; fileRef = C65A814D261E510E0077F02C /* AirportDetailModels.swift */; };
		C65A815C261E57CF0077F02C /* SceneFactory.swift in Sources */ = {isa = PBXBuildFile; fileRef = C65A815B261E57CF0077F02C /* SceneFactory.swift */; };
		C65A816B261E62A90077F02C /* AirportDetailView.swift in Sources */ = {isa = PBXBuildFile; fileRef = C65A816A261E62A90077F02C /* AirportDetailView.swift */; };
		C65A8191261F44230077F02C /* UIViewExtensions.swift in Sources */ = {isa = PBXBuildFile; fileRef = C65A8190261F44230077F02C /* UIViewExtensions.swift */; };
		C65A819F261F520A0077F02C /* AirportDetailViewModelRepresentable.swift in Sources */ = {isa = PBXBuildFile; fileRef = C65A819E261F520A0077F02C /* AirportDetailViewModelRepresentable.swift */; };
		C65A81C5261F6C0E0077F02C /* ReachableAirportsViewController.swift in Sources */ = {isa = PBXBuildFile; fileRef = C65A81C4261F6C0E0077F02C /* ReachableAirportsViewController.swift */; };
		C65A81D9261F6CC60077F02C /* ReachableAirportsInteractor.swift in Sources */ = {isa = PBXBuildFile; fileRef = C65A81D8261F6CC60077F02C /* ReachableAirportsInteractor.swift */; };
		C65A81E1261F6CD40077F02C /* ReachableAirportsPresenter.swift in Sources */ = {isa = PBXBuildFile; fileRef = C65A81E0261F6CD40077F02C /* ReachableAirportsPresenter.swift */; };
		C65A81E9261F6CDB0077F02C /* ReachableAirportsRouter.swift in Sources */ = {isa = PBXBuildFile; fileRef = C65A81E8261F6CDB0077F02C /* ReachableAirportsRouter.swift */; };
		C65A81F1261F6CE10077F02C /* ReachableAirportsModels.swift in Sources */ = {isa = PBXBuildFile; fileRef = C65A81F0261F6CE10077F02C /* ReachableAirportsModels.swift */; };
		C65A821E261F8D1F0077F02C /* ReachableAirportsView.swift in Sources */ = {isa = PBXBuildFile; fileRef = C65A821D261F8D1F0077F02C /* ReachableAirportsView.swift */; };
		C65A8226261F8DEF0077F02C /* ReachableAirportsViewModelRepresentable.swift in Sources */ = {isa = PBXBuildFile; fileRef = C65A8225261F8DEF0077F02C /* ReachableAirportsViewModelRepresentable.swift */; };
		C65A822E261F90D50077F02C /* Identifiable.swift in Sources */ = {isa = PBXBuildFile; fileRef = C65A822D261F90D50077F02C /* Identifiable.swift */; };
		C65A823C261FA14D0077F02C /* UIViewControllerExtensions.swift in Sources */ = {isa = PBXBuildFile; fileRef = C65A823B261FA14D0077F02C /* UIViewControllerExtensions.swift */; };
/* End PBXBuildFile section */

/* Begin PBXContainerItemProxy section */
		C632E620261CE25F0033656B /* PBXContainerItemProxy */ = {
			isa = PBXContainerItemProxy;
			containerPortal = C632E5D4261CDD220033656B /* Project object */;
			proxyType = 1;
			remoteGlobalIDString = C632E5EE261CDEAD0033656B;
			remoteInfo = Domain;
		};
		C65A7F21261CF3E20077F02C /* PBXContainerItemProxy */ = {
			isa = PBXContainerItemProxy;
			containerPortal = C632E5D4261CDD220033656B /* Project object */;
			proxyType = 1;
			remoteGlobalIDString = C632E60B261CE1B20033656B;
			remoteInfo = Data;
		};
		C65A7F62261D01F30077F02C /* PBXContainerItemProxy */ = {
			isa = PBXContainerItemProxy;
			containerPortal = C632E5D4261CDD220033656B /* Project object */;
			proxyType = 1;
			remoteGlobalIDString = C65A7F57261D01F30077F02C;
			remoteInfo = Infra;
		};
		C65A7F83261D02A20077F02C /* PBXContainerItemProxy */ = {
			isa = PBXContainerItemProxy;
			containerPortal = C632E5D4261CDD220033656B /* Project object */;
			proxyType = 1;
			remoteGlobalIDString = C632E60B261CE1B20033656B;
			remoteInfo = Data;
		};
		C65A8003261E10600077F02C /* PBXContainerItemProxy */ = {
			isa = PBXContainerItemProxy;
			containerPortal = C632E5D4261CDD220033656B /* Project object */;
			proxyType = 1;
			remoteGlobalIDString = C65A7FF8261E10600077F02C;
			remoteInfo = Application;
		};
		C65A801E261E10BC0077F02C /* PBXContainerItemProxy */ = {
			isa = PBXContainerItemProxy;
			containerPortal = C632E5D4261CDD220033656B /* Project object */;
			proxyType = 1;
			remoteGlobalIDString = C632E5EE261CDEAD0033656B;
			remoteInfo = Domain;
		};
		C65A808F261E23300077F02C /* PBXContainerItemProxy */ = {
			isa = PBXContainerItemProxy;
			containerPortal = C632E5D4261CDD220033656B /* Project object */;
			proxyType = 1;
			remoteGlobalIDString = C65A7FF8261E10600077F02C;
			remoteInfo = Application;
		};
		C65A8093261E23300077F02C /* PBXContainerItemProxy */ = {
			isa = PBXContainerItemProxy;
			containerPortal = C632E5D4261CDD220033656B /* Project object */;
			proxyType = 1;
			remoteGlobalIDString = C632E60B261CE1B20033656B;
			remoteInfo = Data;
		};
		C65A8097261E23300077F02C /* PBXContainerItemProxy */ = {
			isa = PBXContainerItemProxy;
			containerPortal = C632E5D4261CDD220033656B /* Project object */;
			proxyType = 1;
			remoteGlobalIDString = C632E5EE261CDEAD0033656B;
			remoteInfo = Domain;
		};
		C65A809B261E23300077F02C /* PBXContainerItemProxy */ = {
			isa = PBXContainerItemProxy;
			containerPortal = C632E5D4261CDD220033656B /* Project object */;
			proxyType = 1;
			remoteGlobalIDString = C65A7F57261D01F30077F02C;
			remoteInfo = Infra;
		};
		C65A80B8261E25290077F02C /* PBXContainerItemProxy */ = {
			isa = PBXContainerItemProxy;
			containerPortal = C632E5D4261CDD220033656B /* Project object */;
			proxyType = 1;
			remoteGlobalIDString = C65A80B2261E25290077F02C;
			remoteInfo = UI;
		};
		C65A80C7261E256D0077F02C /* PBXContainerItemProxy */ = {
			isa = PBXContainerItemProxy;
			containerPortal = C632E5D4261CDD220033656B /* Project object */;
			proxyType = 1;
			remoteGlobalIDString = C65A80B2261E25290077F02C;
			remoteInfo = UI;
		};
/* End PBXContainerItemProxy section */

/* Begin PBXCopyFilesBuildPhase section */
		C632E622261CE25F0033656B /* Embed Frameworks */ = {
			isa = PBXCopyFilesBuildPhase;
			buildActionMask = 2147483647;
			dstPath = "";
			dstSubfolderSpec = 10;
			files = (
				C632E61F261CE25F0033656B /* Domain.framework in Embed Frameworks */,
			);
			name = "Embed Frameworks";
			runOnlyForDeploymentPostprocessing = 0;
		};
		C65A7F85261D02A20077F02C /* Embed Frameworks */ = {
			isa = PBXCopyFilesBuildPhase;
			buildActionMask = 2147483647;
			dstPath = "";
			dstSubfolderSpec = 10;
			files = (
				C65A7F82261D02A20077F02C /* Data.framework in Embed Frameworks */,
			);
			name = "Embed Frameworks";
			runOnlyForDeploymentPostprocessing = 0;
		};
		C65A8020261E10BC0077F02C /* Embed Frameworks */ = {
			isa = PBXCopyFilesBuildPhase;
			buildActionMask = 2147483647;
			dstPath = "";
			dstSubfolderSpec = 10;
			files = (
				C65A80C6261E256D0077F02C /* UI.framework in Embed Frameworks */,
				C65A801D261E10BC0077F02C /* Domain.framework in Embed Frameworks */,
			);
			name = "Embed Frameworks";
			runOnlyForDeploymentPostprocessing = 0;
		};
		C65A809D261E23300077F02C /* Embed Frameworks */ = {
			isa = PBXCopyFilesBuildPhase;
			buildActionMask = 2147483647;
			dstPath = "";
			dstSubfolderSpec = 10;
			files = (
				C65A8096261E23300077F02C /* Domain.framework in Embed Frameworks */,
				C65A80BB261E25290077F02C /* UI.framework in Embed Frameworks */,
				C65A8092261E23300077F02C /* Data.framework in Embed Frameworks */,
				C65A808E261E23300077F02C /* Application.framework in Embed Frameworks */,
				C65A809A261E23300077F02C /* Infra.framework in Embed Frameworks */,
			);
			name = "Embed Frameworks";
			runOnlyForDeploymentPostprocessing = 0;
		};
/* End PBXCopyFilesBuildPhase section */

/* Begin PBXFileReference section */
		C632E5EF261CDEAD0033656B /* Domain.framework */ = {isa = PBXFileReference; explicitFileType = wrapper.framework; includeInIndex = 0; path = Domain.framework; sourceTree = BUILT_PRODUCTS_DIR; };
		C632E5F2261CDEAD0033656B /* Info.plist */ = {isa = PBXFileReference; lastKnownFileType = text.plist.xml; path = Info.plist; sourceTree = "<group>"; };
		C632E5F8261CDF0E0033656B /* GetAirports.swift */ = {isa = PBXFileReference; lastKnownFileType = sourcecode.swift; path = GetAirports.swift; sourceTree = "<group>"; };
		C632E5FB261CDF930033656B /* Airports.swift */ = {isa = PBXFileReference; lastKnownFileType = sourcecode.swift; path = Airports.swift; sourceTree = "<group>"; };
		C632E602261CE0600033656B /* DomainError.swift */ = {isa = PBXFileReference; lastKnownFileType = sourcecode.swift; path = DomainError.swift; sourceTree = "<group>"; };
		C632E60C261CE1B20033656B /* Data.framework */ = {isa = PBXFileReference; explicitFileType = wrapper.framework; includeInIndex = 0; path = Data.framework; sourceTree = BUILT_PRODUCTS_DIR; };
		C632E60F261CE1B20033656B /* Info.plist */ = {isa = PBXFileReference; lastKnownFileType = text.plist.xml; path = Info.plist; sourceTree = "<group>"; };
		C632E618261CE2320033656B /* RemoteGetAirports.swift */ = {isa = PBXFileReference; lastKnownFileType = sourcecode.swift; path = RemoteGetAirports.swift; sourceTree = "<group>"; };
		C632E625261CE2DC0033656B /* HttpClient.swift */ = {isa = PBXFileReference; lastKnownFileType = sourcecode.swift; path = HttpClient.swift; sourceTree = "<group>"; };
		C632E629261CE2EC0033656B /* HttpError.swift */ = {isa = PBXFileReference; lastKnownFileType = sourcecode.swift; path = HttpError.swift; sourceTree = "<group>"; };
		C65A7EEE261CE5450077F02C /* AirportsAPI.swift */ = {isa = PBXFileReference; lastKnownFileType = sourcecode.swift; path = AirportsAPI.swift; sourceTree = "<group>"; };
		C65A7EF1261CE9570077F02C /* AirportResource.swift */ = {isa = PBXFileReference; lastKnownFileType = sourcecode.swift; path = AirportResource.swift; sourceTree = "<group>"; };
		C65A7EF4261CE9730077F02C /* GetAirportsRequest.swift */ = {isa = PBXFileReference; lastKnownFileType = sourcecode.swift; path = GetAirportsRequest.swift; sourceTree = "<group>"; };
		C65A7EF8261CEAB30077F02C /* DataExtensions.swift */ = {isa = PBXFileReference; lastKnownFileType = sourcecode.swift; path = DataExtensions.swift; sourceTree = "<group>"; };
		C65A7EFC261CEB1F0077F02C /* Model.swift */ = {isa = PBXFileReference; lastKnownFileType = sourcecode.swift; path = Model.swift; sourceTree = "<group>"; };
		C65A7F1B261CF3E20077F02C /* DataTests.xctest */ = {isa = PBXFileReference; explicitFileType = wrapper.cfbundle; includeInIndex = 0; path = DataTests.xctest; sourceTree = BUILT_PRODUCTS_DIR; };
		C65A7F1F261CF3E20077F02C /* Info.plist */ = {isa = PBXFileReference; lastKnownFileType = text.plist.xml; path = Info.plist; sourceTree = "<group>"; };
		C65A7F30261CF4950077F02C /* RemoteGetAirportsTests.swift */ = {isa = PBXFileReference; lastKnownFileType = sourcecode.swift; path = RemoteGetAirportsTests.swift; sourceTree = "<group>"; };
		C65A7F37261CF5C90077F02C /* HttpClientSpy.swift */ = {isa = PBXFileReference; lastKnownFileType = sourcecode.swift; path = HttpClientSpy.swift; sourceTree = "<group>"; };
		C65A7F3E261CF6D30077F02C /* TestFactory.swift */ = {isa = PBXFileReference; lastKnownFileType = sourcecode.swift; path = TestFactory.swift; sourceTree = "<group>"; };
		C65A7F45261CF7610077F02C /* getAirportsJSON.swift */ = {isa = PBXFileReference; lastKnownFileType = sourcecode.swift; path = getAirportsJSON.swift; sourceTree = "<group>"; };
		C65A7F4B261CF9540077F02C /* TestExtensions.swift */ = {isa = PBXFileReference; lastKnownFileType = sourcecode.swift; path = TestExtensions.swift; sourceTree = "<group>"; };
		C65A7F58261D01F30077F02C /* Infra.framework */ = {isa = PBXFileReference; explicitFileType = wrapper.framework; includeInIndex = 0; path = Infra.framework; sourceTree = BUILT_PRODUCTS_DIR; };
		C65A7F5B261D01F30077F02C /* Info.plist */ = {isa = PBXFileReference; lastKnownFileType = text.plist.xml; path = Info.plist; sourceTree = "<group>"; };
		C65A7F60261D01F30077F02C /* InfraTests.xctest */ = {isa = PBXFileReference; explicitFileType = wrapper.cfbundle; includeInIndex = 0; path = InfraTests.xctest; sourceTree = BUILT_PRODUCTS_DIR; };
		C65A7F65261D01F30077F02C /* URLSessionAdapterTests.swift */ = {isa = PBXFileReference; lastKnownFileType = sourcecode.swift; path = URLSessionAdapterTests.swift; sourceTree = "<group>"; };
		C65A7F67261D01F30077F02C /* Info.plist */ = {isa = PBXFileReference; lastKnownFileType = text.plist.xml; path = Info.plist; sourceTree = "<group>"; };
		C65A7F77261D02410077F02C /* URLSessionAdapter.swift */ = {isa = PBXFileReference; lastKnownFileType = sourcecode.swift; path = URLSessionAdapter.swift; sourceTree = "<group>"; };
		C65A7F8D261D04040077F02C /* URLProtocolStub.swift */ = {isa = PBXFileReference; lastKnownFileType = sourcecode.swift; path = URLProtocolStub.swift; sourceTree = "<group>"; };
		C65A7F95261D04180077F02C /* RequestObserver.swift */ = {isa = PBXFileReference; lastKnownFileType = sourcecode.swift; path = RequestObserver.swift; sourceTree = "<group>"; };
		C65A7FAA261D06540077F02C /* UseCasesIntegrationTests.xctest */ = {isa = PBXFileReference; explicitFileType = wrapper.cfbundle; includeInIndex = 0; path = UseCasesIntegrationTests.xctest; sourceTree = BUILT_PRODUCTS_DIR; };
		C65A7FAC261D06540077F02C /* UseCasesIntegrationTests.swift */ = {isa = PBXFileReference; lastKnownFileType = sourcecode.swift; path = UseCasesIntegrationTests.swift; sourceTree = "<group>"; };
		C65A7FAE261D06540077F02C /* Info.plist */ = {isa = PBXFileReference; lastKnownFileType = text.plist.xml; path = Info.plist; sourceTree = "<group>"; };
		C65A7FB6261DD7C20077F02C /* GetFlights.swift */ = {isa = PBXFileReference; lastKnownFileType = sourcecode.swift; path = GetFlights.swift; sourceTree = "<group>"; };
		C65A7FBC261DD7E20077F02C /* Flights.swift */ = {isa = PBXFileReference; lastKnownFileType = sourcecode.swift; path = Flights.swift; sourceTree = "<group>"; };
		C65A7FC6261DDE750077F02C /* RemoteGetFlights.swift */ = {isa = PBXFileReference; lastKnownFileType = sourcecode.swift; path = RemoteGetFlights.swift; sourceTree = "<group>"; };
		C65A7FCC261DDEC90077F02C /* getFlightsJSON.swift */ = {isa = PBXFileReference; lastKnownFileType = sourcecode.swift; path = getFlightsJSON.swift; sourceTree = "<group>"; };
		C65A7FE8261DEB100077F02C /* RemoteGetFlightsTests.swift */ = {isa = PBXFileReference; lastKnownFileType = sourcecode.swift; path = RemoteGetFlightsTests.swift; sourceTree = "<group>"; };
		C65A7FEE261DEDDA0077F02C /* GetFlightsRequest.swift */ = {isa = PBXFileReference; lastKnownFileType = sourcecode.swift; path = GetFlightsRequest.swift; sourceTree = "<group>"; };
		C65A7FF9261E10600077F02C /* Application.framework */ = {isa = PBXFileReference; explicitFileType = wrapper.framework; includeInIndex = 0; path = Application.framework; sourceTree = BUILT_PRODUCTS_DIR; };
		C65A7FFC261E10600077F02C /* Info.plist */ = {isa = PBXFileReference; lastKnownFileType = text.plist.xml; path = Info.plist; sourceTree = "<group>"; };
		C65A8001261E10600077F02C /* ApplicationTests.xctest */ = {isa = PBXFileReference; explicitFileType = wrapper.cfbundle; includeInIndex = 0; path = ApplicationTests.xctest; sourceTree = BUILT_PRODUCTS_DIR; };
		C65A8006261E10600077F02C /* ApplicationTests.swift */ = {isa = PBXFileReference; lastKnownFileType = sourcecode.swift; path = ApplicationTests.swift; sourceTree = "<group>"; };
		C65A8008261E10600077F02C /* Info.plist */ = {isa = PBXFileReference; lastKnownFileType = text.plist.xml; path = Info.plist; sourceTree = "<group>"; };
		C65A8028261E119B0077F02C /* AirportsMapViewController.swift */ = {isa = PBXFileReference; lastKnownFileType = sourcecode.swift; path = AirportsMapViewController.swift; sourceTree = "<group>"; };
		C65A802F261E11DE0077F02C /* AirportsMapInteractor.swift */ = {isa = PBXFileReference; lastKnownFileType = sourcecode.swift; path = AirportsMapInteractor.swift; sourceTree = "<group>"; };
		C65A8036261E120D0077F02C /* AirportsMapPresenter.swift */ = {isa = PBXFileReference; lastKnownFileType = sourcecode.swift; path = AirportsMapPresenter.swift; sourceTree = "<group>"; };
		C65A803D261E12480077F02C /* AirportsMapRouter.swift */ = {isa = PBXFileReference; lastKnownFileType = sourcecode.swift; path = AirportsMapRouter.swift; sourceTree = "<group>"; };
		C65A8044261E13D20077F02C /* AirportsMapModels.swift */ = {isa = PBXFileReference; lastKnownFileType = sourcecode.swift; path = AirportsMapModels.swift; sourceTree = "<group>"; };
		C65A804B261E1FBE0077F02C /* Application.swift */ = {isa = PBXFileReference; lastKnownFileType = sourcecode.swift; path = Application.swift; sourceTree = "<group>"; };
		C65A805B261E21D40077F02C /* SchipholAirportApp.app */ = {isa = PBXFileReference; explicitFileType = wrapper.application; includeInIndex = 0; path = SchipholAirportApp.app; sourceTree = BUILT_PRODUCTS_DIR; };
		C65A805D261E21D40077F02C /* AppDelegate.swift */ = {isa = PBXFileReference; lastKnownFileType = sourcecode.swift; path = AppDelegate.swift; sourceTree = "<group>"; };
		C65A8066261E21D60077F02C /* Assets.xcassets */ = {isa = PBXFileReference; lastKnownFileType = folder.assetcatalog; path = Assets.xcassets; sourceTree = "<group>"; };
		C65A8069261E21D60077F02C /* Base */ = {isa = PBXFileReference; lastKnownFileType = file.storyboard; name = Base; path = Base.lproj/LaunchScreen.storyboard; sourceTree = "<group>"; };
		C65A806B261E21D60077F02C /* Info.plist */ = {isa = PBXFileReference; lastKnownFileType = text.plist.xml; path = Info.plist; sourceTree = "<group>"; };
		C65A80B3261E25290077F02C /* UI.framework */ = {isa = PBXFileReference; explicitFileType = wrapper.framework; includeInIndex = 0; path = UI.framework; sourceTree = BUILT_PRODUCTS_DIR; };
		C65A80B6261E25290077F02C /* Info.plist */ = {isa = PBXFileReference; lastKnownFileType = text.plist.xml; path = Info.plist; sourceTree = "<group>"; };
		C65A80D8261E25DE0077F02C /* AirportsMapView.swift */ = {isa = PBXFileReference; lastKnownFileType = sourcecode.swift; path = AirportsMapView.swift; sourceTree = "<group>"; };
		C65A80E0261E25FE0077F02C /* ViewCode.swift */ = {isa = PBXFileReference; lastKnownFileType = sourcecode.swift; path = ViewCode.swift; sourceTree = "<group>"; };
		C65A80EE261E2D7E0077F02C /* AirportsMapViewModelRepresentable.swift */ = {isa = PBXFileReference; lastKnownFileType = sourcecode.swift; path = AirportsMapViewModelRepresentable.swift; sourceTree = "<group>"; };
		C65A8127261E4E780077F02C /* AirportDetailViewController.swift */ = {isa = PBXFileReference; lastKnownFileType = sourcecode.swift; path = AirportDetailViewController.swift; sourceTree = "<group>"; };
		C65A8135261E4F8B0077F02C /* AirportDetailInteractor.swift */ = {isa = PBXFileReference; lastKnownFileType = sourcecode.swift; path = AirportDetailInteractor.swift; sourceTree = "<group>"; };
		C65A813D261E4FAE0077F02C /* AirportDetailPresenter.swift */ = {isa = PBXFileReference; lastKnownFileType = sourcecode.swift; path = AirportDetailPresenter.swift; sourceTree = "<group>"; };
		C65A8145261E4FFF0077F02C /* AirportsDetailRouter.swift */ = {isa = PBXFileReference; lastKnownFileType = sourcecode.swift; path = AirportsDetailRouter.swift; sourceTree = "<group>"; };
		C65A814D261E510E0077F02C /* AirportDetailModels.swift */ = {isa = PBXFileReference; lastKnownFileType = sourcecode.swift; path = AirportDetailModels.swift; sourceTree = "<group>"; };
		C65A815B261E57CF0077F02C /* SceneFactory.swift */ = {isa = PBXFileReference; lastKnownFileType = sourcecode.swift; path = SceneFactory.swift; sourceTree = "<group>"; };
		C65A816A261E62A90077F02C /* AirportDetailView.swift */ = {isa = PBXFileReference; lastKnownFileType = sourcecode.swift; path = AirportDetailView.swift; sourceTree = "<group>"; };
		C65A8190261F44230077F02C /* UIViewExtensions.swift */ = {isa = PBXFileReference; lastKnownFileType = sourcecode.swift; path = UIViewExtensions.swift; sourceTree = "<group>"; };
		C65A819E261F520A0077F02C /* AirportDetailViewModelRepresentable.swift */ = {isa = PBXFileReference; lastKnownFileType = sourcecode.swift; path = AirportDetailViewModelRepresentable.swift; sourceTree = "<group>"; };
		C65A81C4261F6C0E0077F02C /* ReachableAirportsViewController.swift */ = {isa = PBXFileReference; lastKnownFileType = sourcecode.swift; path = ReachableAirportsViewController.swift; sourceTree = "<group>"; };
		C65A81D8261F6CC60077F02C /* ReachableAirportsInteractor.swift */ = {isa = PBXFileReference; lastKnownFileType = sourcecode.swift; path = ReachableAirportsInteractor.swift; sourceTree = "<group>"; };
		C65A81E0261F6CD40077F02C /* ReachableAirportsPresenter.swift */ = {isa = PBXFileReference; lastKnownFileType = sourcecode.swift; path = ReachableAirportsPresenter.swift; sourceTree = "<group>"; };
		C65A81E8261F6CDB0077F02C /* ReachableAirportsRouter.swift */ = {isa = PBXFileReference; lastKnownFileType = sourcecode.swift; path = ReachableAirportsRouter.swift; sourceTree = "<group>"; };
		C65A81F0261F6CE10077F02C /* ReachableAirportsModels.swift */ = {isa = PBXFileReference; lastKnownFileType = sourcecode.swift; path = ReachableAirportsModels.swift; sourceTree = "<group>"; };
		C65A821D261F8D1F0077F02C /* ReachableAirportsView.swift */ = {isa = PBXFileReference; lastKnownFileType = sourcecode.swift; path = ReachableAirportsView.swift; sourceTree = "<group>"; };
		C65A8225261F8DEF0077F02C /* ReachableAirportsViewModelRepresentable.swift */ = {isa = PBXFileReference; lastKnownFileType = sourcecode.swift; path = ReachableAirportsViewModelRepresentable.swift; sourceTree = "<group>"; };
		C65A822D261F90D50077F02C /* Identifiable.swift */ = {isa = PBXFileReference; lastKnownFileType = sourcecode.swift; path = Identifiable.swift; sourceTree = "<group>"; };
		C65A823B261FA14D0077F02C /* UIViewControllerExtensions.swift */ = {isa = PBXFileReference; lastKnownFileType = sourcecode.swift; path = UIViewControllerExtensions.swift; sourceTree = "<group>"; };
/* End PBXFileReference section */

/* Begin PBXFrameworksBuildPhase section */
		C632E5EC261CDEAD0033656B /* Frameworks */ = {
			isa = PBXFrameworksBuildPhase;
			buildActionMask = 2147483647;
			files = (
			);
			runOnlyForDeploymentPostprocessing = 0;
		};
		C632E609261CE1B20033656B /* Frameworks */ = {
			isa = PBXFrameworksBuildPhase;
			buildActionMask = 2147483647;
			files = (
				C632E61E261CE25F0033656B /* Domain.framework in Frameworks */,
			);
			runOnlyForDeploymentPostprocessing = 0;
		};
		C65A7F18261CF3E20077F02C /* Frameworks */ = {
			isa = PBXFrameworksBuildPhase;
			buildActionMask = 2147483647;
			files = (
				C65A7F20261CF3E20077F02C /* Data.framework in Frameworks */,
			);
			runOnlyForDeploymentPostprocessing = 0;
		};
		C65A7F55261D01F30077F02C /* Frameworks */ = {
			isa = PBXFrameworksBuildPhase;
			buildActionMask = 2147483647;
			files = (
				C65A7F81261D02A20077F02C /* Data.framework in Frameworks */,
			);
			runOnlyForDeploymentPostprocessing = 0;
		};
		C65A7F5D261D01F30077F02C /* Frameworks */ = {
			isa = PBXFrameworksBuildPhase;
			buildActionMask = 2147483647;
			files = (
				C65A7F61261D01F30077F02C /* Infra.framework in Frameworks */,
			);
			runOnlyForDeploymentPostprocessing = 0;
		};
		C65A7FA7261D06540077F02C /* Frameworks */ = {
			isa = PBXFrameworksBuildPhase;
			buildActionMask = 2147483647;
			files = (
			);
			runOnlyForDeploymentPostprocessing = 0;
		};
		C65A7FF6261E10600077F02C /* Frameworks */ = {
			isa = PBXFrameworksBuildPhase;
			buildActionMask = 2147483647;
			files = (
				C65A80C5261E256D0077F02C /* UI.framework in Frameworks */,
				C65A801C261E10BC0077F02C /* Domain.framework in Frameworks */,
			);
			runOnlyForDeploymentPostprocessing = 0;
		};
		C65A7FFE261E10600077F02C /* Frameworks */ = {
			isa = PBXFrameworksBuildPhase;
			buildActionMask = 2147483647;
			files = (
				C65A8002261E10600077F02C /* Application.framework in Frameworks */,
			);
			runOnlyForDeploymentPostprocessing = 0;
		};
		C65A8058261E21D40077F02C /* Frameworks */ = {
			isa = PBXFrameworksBuildPhase;
			buildActionMask = 2147483647;
			files = (
				C65A8095261E23300077F02C /* Domain.framework in Frameworks */,
				C65A80BA261E25290077F02C /* UI.framework in Frameworks */,
				C65A8091261E23300077F02C /* Data.framework in Frameworks */,
				C65A808D261E23300077F02C /* Application.framework in Frameworks */,
				C65A8099261E23300077F02C /* Infra.framework in Frameworks */,
			);
			runOnlyForDeploymentPostprocessing = 0;
		};
		C65A80B0261E25290077F02C /* Frameworks */ = {
			isa = PBXFrameworksBuildPhase;
			buildActionMask = 2147483647;
			files = (
			);
			runOnlyForDeploymentPostprocessing = 0;
		};
/* End PBXFrameworksBuildPhase section */

/* Begin PBXGroup section */
		C632E5D3261CDD220033656B = {
			isa = PBXGroup;
			children = (
				C65A805C261E21D40077F02C /* SchipholAirportApp */,
				C65A7FFA261E10600077F02C /* Application */,
				C65A8005261E10600077F02C /* ApplicationTests */,
				C632E5F0261CDEAD0033656B /* Domain */,
				C632E60D261CE1B20033656B /* Data */,
				C65A7F1C261CF3E20077F02C /* DataTests */,
				C65A7F59261D01F30077F02C /* Infra */,
				C65A7F64261D01F30077F02C /* InfraTests */,
				C65A7FAB261D06540077F02C /* UseCasesIntegrationTests */,
				C65A80B4261E25290077F02C /* UI */,
				C632E5DE261CDD220033656B /* Products */,
				C632E61D261CE25F0033656B /* Frameworks */,
			);
			sourceTree = "<group>";
		};
		C632E5DE261CDD220033656B /* Products */ = {
			isa = PBXGroup;
			children = (
				C632E5EF261CDEAD0033656B /* Domain.framework */,
				C632E60C261CE1B20033656B /* Data.framework */,
				C65A7F1B261CF3E20077F02C /* DataTests.xctest */,
				C65A7F58261D01F30077F02C /* Infra.framework */,
				C65A7F60261D01F30077F02C /* InfraTests.xctest */,
				C65A7FAA261D06540077F02C /* UseCasesIntegrationTests.xctest */,
				C65A7FF9261E10600077F02C /* Application.framework */,
				C65A8001261E10600077F02C /* ApplicationTests.xctest */,
				C65A805B261E21D40077F02C /* SchipholAirportApp.app */,
				C65A80B3261E25290077F02C /* UI.framework */,
			);
			name = Products;
			sourceTree = "<group>";
		};
		C632E5F0261CDEAD0033656B /* Domain */ = {
			isa = PBXGroup;
			children = (
				C632E601261CE0590033656B /* Error */,
				C632E5FF261CDFA50033656B /* Models */,
				C632E5FE261CDF9A0033656B /* UseCases */,
				C632E5F2261CDEAD0033656B /* Info.plist */,
			);
			path = Domain;
			sourceTree = "<group>";
		};
		C632E5FE261CDF9A0033656B /* UseCases */ = {
			isa = PBXGroup;
			children = (
				C632E5F8261CDF0E0033656B /* GetAirports.swift */,
				C65A7FB6261DD7C20077F02C /* GetFlights.swift */,
			);
			path = UseCases;
			sourceTree = "<group>";
		};
		C632E5FF261CDFA50033656B /* Models */ = {
			isa = PBXGroup;
			children = (
				C65A7FBC261DD7E20077F02C /* Flights.swift */,
				C632E5FB261CDF930033656B /* Airports.swift */,
				C65A7EFC261CEB1F0077F02C /* Model.swift */,
			);
			path = Models;
			sourceTree = "<group>";
		};
		C632E601261CE0590033656B /* Error */ = {
			isa = PBXGroup;
			children = (
				C632E602261CE0600033656B /* DomainError.swift */,
			);
			path = Error;
			sourceTree = "<group>";
		};
		C632E60D261CE1B20033656B /* Data */ = {
			isa = PBXGroup;
			children = (
				C65A7EF7261CEAA90077F02C /* Helpers */,
				C65A7EED261CE5260077F02C /* AirportsAPI */,
				C632E624261CE29B0033656B /* Http */,
				C632E61C261CE23C0033656B /* UseCases */,
				C632E60F261CE1B20033656B /* Info.plist */,
			);
			path = Data;
			sourceTree = "<group>";
		};
		C632E61C261CE23C0033656B /* UseCases */ = {
			isa = PBXGroup;
			children = (
				C632E618261CE2320033656B /* RemoteGetAirports.swift */,
				C65A7FC6261DDE750077F02C /* RemoteGetFlights.swift */,
			);
			path = UseCases;
			sourceTree = "<group>";
		};
		C632E61D261CE25F0033656B /* Frameworks */ = {
			isa = PBXGroup;
			children = (
			);
			name = Frameworks;
			sourceTree = "<group>";
		};
		C632E624261CE29B0033656B /* Http */ = {
			isa = PBXGroup;
			children = (
				C632E625261CE2DC0033656B /* HttpClient.swift */,
				C632E629261CE2EC0033656B /* HttpError.swift */,
			);
			path = Http;
			sourceTree = "<group>";
		};
		C65A7EED261CE5260077F02C /* AirportsAPI */ = {
			isa = PBXGroup;
			children = (
				C65A7EEE261CE5450077F02C /* AirportsAPI.swift */,
				C65A7EF1261CE9570077F02C /* AirportResource.swift */,
				C65A7EF4261CE9730077F02C /* GetAirportsRequest.swift */,
				C65A7FEE261DEDDA0077F02C /* GetFlightsRequest.swift */,
			);
			path = AirportsAPI;
			sourceTree = "<group>";
		};
		C65A7EF7261CEAA90077F02C /* Helpers */ = {
			isa = PBXGroup;
			children = (
				C65A7EF8261CEAB30077F02C /* DataExtensions.swift */,
			);
			path = Helpers;
			sourceTree = "<group>";
		};
		C65A7F1C261CF3E20077F02C /* DataTests */ = {
			isa = PBXGroup;
			children = (
				C65A7F3D261CF6C70077F02C /* Helpers */,
				C65A7F36261CF5BF0077F02C /* Http */,
				C65A7F30261CF4950077F02C /* RemoteGetAirportsTests.swift */,
				C65A7FE8261DEB100077F02C /* RemoteGetFlightsTests.swift */,
				C65A7F1F261CF3E20077F02C /* Info.plist */,
			);
			path = DataTests;
			sourceTree = "<group>";
		};
		C65A7F36261CF5BF0077F02C /* Http */ = {
			isa = PBXGroup;
			children = (
				C65A7F37261CF5C90077F02C /* HttpClientSpy.swift */,
			);
			path = Http;
			sourceTree = "<group>";
		};
		C65A7F3D261CF6C70077F02C /* Helpers */ = {
			isa = PBXGroup;
			children = (
				C65A7F44261CF74C0077F02C /* json */,
				C65A7F4B261CF9540077F02C /* TestExtensions.swift */,
				C65A7F3E261CF6D30077F02C /* TestFactory.swift */,
			);
			path = Helpers;
			sourceTree = "<group>";
		};
		C65A7F44261CF74C0077F02C /* json */ = {
			isa = PBXGroup;
			children = (
				C65A7F45261CF7610077F02C /* getAirportsJSON.swift */,
				C65A7FCC261DDEC90077F02C /* getFlightsJSON.swift */,
			);
			path = json;
			sourceTree = "<group>";
		};
		C65A7F59261D01F30077F02C /* Infra */ = {
			isa = PBXGroup;
			children = (
				C65A7F5B261D01F30077F02C /* Info.plist */,
				C65A7F77261D02410077F02C /* URLSessionAdapter.swift */,
			);
			path = Infra;
			sourceTree = "<group>";
		};
		C65A7F64261D01F30077F02C /* InfraTests */ = {
			isa = PBXGroup;
			children = (
				C65A7F8C261D03F00077F02C /* Helpers */,
				C65A7F65261D01F30077F02C /* URLSessionAdapterTests.swift */,
				C65A7F67261D01F30077F02C /* Info.plist */,
			);
			path = InfraTests;
			sourceTree = "<group>";
		};
		C65A7F8C261D03F00077F02C /* Helpers */ = {
			isa = PBXGroup;
			children = (
				C65A7F8D261D04040077F02C /* URLProtocolStub.swift */,
				C65A7F95261D04180077F02C /* RequestObserver.swift */,
			);
			path = Helpers;
			sourceTree = "<group>";
		};
		C65A7FAB261D06540077F02C /* UseCasesIntegrationTests */ = {
			isa = PBXGroup;
			children = (
				C65A7FAC261D06540077F02C /* UseCasesIntegrationTests.swift */,
				C65A7FAE261D06540077F02C /* Info.plist */,
			);
			path = UseCasesIntegrationTests;
			sourceTree = "<group>";
		};
		C65A7FFA261E10600077F02C /* Application */ = {
			isa = PBXGroup;
			children = (
				C65A804B261E1FBE0077F02C /* Application.swift */,
				C65A815B261E57CF0077F02C /* SceneFactory.swift */,
				C65A8026261E11330077F02C /* Scenes */,
				C65A7FFC261E10600077F02C /* Info.plist */,
			);
			path = Application;
			sourceTree = "<group>";
		};
		C65A8005261E10600077F02C /* ApplicationTests */ = {
			isa = PBXGroup;
			children = (
				C65A8006261E10600077F02C /* ApplicationTests.swift */,
				C65A8008261E10600077F02C /* Info.plist */,
			);
			path = ApplicationTests;
			sourceTree = "<group>";
		};
		C65A8026261E11330077F02C /* Scenes */ = {
			isa = PBXGroup;
			children = (
				C65A81C3261F6C040077F02C /* ReachableAirports */,
				C65A8027261E118B0077F02C /* AirportsMap */,
				C65A8126261E4E600077F02C /* AirportDetail */,
			);
			path = Scenes;
			sourceTree = "<group>";
		};
		C65A8027261E118B0077F02C /* AirportsMap */ = {
			isa = PBXGroup;
			children = (
				C65A8028261E119B0077F02C /* AirportsMapViewController.swift */,
				C65A802F261E11DE0077F02C /* AirportsMapInteractor.swift */,
				C65A8036261E120D0077F02C /* AirportsMapPresenter.swift */,
				C65A803D261E12480077F02C /* AirportsMapRouter.swift */,
				C65A8044261E13D20077F02C /* AirportsMapModels.swift */,
			);
			path = AirportsMap;
			sourceTree = "<group>";
		};
		C65A805C261E21D40077F02C /* SchipholAirportApp */ = {
			isa = PBXGroup;
			children = (
				C65A805D261E21D40077F02C /* AppDelegate.swift */,
				C65A8066261E21D60077F02C /* Assets.xcassets */,
				C65A8068261E21D60077F02C /* LaunchScreen.storyboard */,
				C65A806B261E21D60077F02C /* Info.plist */,
			);
			path = SchipholAirportApp;
			sourceTree = "<group>";
		};
		C65A80B4261E25290077F02C /* UI */ = {
			isa = PBXGroup;
			children = (
				C65A80E0261E25FE0077F02C /* ViewCode.swift */,
				C65A80D5261E25B30077F02C /* Scenes */,
				C65A818F261F44160077F02C /* Helpers */,
				C65A80B6261E25290077F02C /* Info.plist */,
			);
			path = UI;
			sourceTree = "<group>";
		};
		C65A80D5261E25B30077F02C /* Scenes */ = {
			isa = PBXGroup;
			children = (
				C65A8216261F7D9E0077F02C /* ReachableAirports */,
				C65A80D6261E25B80077F02C /* AirportsMap */,
				C65A8169261E62830077F02C /* AirportDetail */,
			);
			path = Scenes;
			sourceTree = "<group>";
		};
		C65A80D6261E25B80077F02C /* AirportsMap */ = {
			isa = PBXGroup;
			children = (
				C65A80D8261E25DE0077F02C /* AirportsMapView.swift */,
				C65A80EE261E2D7E0077F02C /* AirportsMapViewModelRepresentable.swift */,
			);
			path = AirportsMap;
			sourceTree = "<group>";
		};
		C65A8126261E4E600077F02C /* AirportDetail */ = {
			isa = PBXGroup;
			children = (
				C65A8127261E4E780077F02C /* AirportDetailViewController.swift */,
				C65A8135261E4F8B0077F02C /* AirportDetailInteractor.swift */,
				C65A813D261E4FAE0077F02C /* AirportDetailPresenter.swift */,
				C65A8145261E4FFF0077F02C /* AirportsDetailRouter.swift */,
				C65A814D261E510E0077F02C /* AirportDetailModels.swift */,
			);
			path = AirportDetail;
			sourceTree = "<group>";
		};
		C65A8169261E62830077F02C /* AirportDetail */ = {
			isa = PBXGroup;
			children = (
				C65A816A261E62A90077F02C /* AirportDetailView.swift */,
				C65A819E261F520A0077F02C /* AirportDetailViewModelRepresentable.swift */,
			);
			path = AirportDetail;
			sourceTree = "<group>";
		};
		C65A818F261F44160077F02C /* Helpers */ = {
			isa = PBXGroup;
			children = (
				C65A8190261F44230077F02C /* UIViewExtensions.swift */,
				C65A823B261FA14D0077F02C /* UIViewControllerExtensions.swift */,
				C65A822D261F90D50077F02C /* Identifiable.swift */,
			);
			path = Helpers;
			sourceTree = "<group>";
		};
		C65A81C3261F6C040077F02C /* ReachableAirports */ = {
			isa = PBXGroup;
			children = (
				C65A81C4261F6C0E0077F02C /* ReachableAirportsViewController.swift */,
				C65A81D8261F6CC60077F02C /* ReachableAirportsInteractor.swift */,
				C65A81E0261F6CD40077F02C /* ReachableAirportsPresenter.swift */,
				C65A81E8261F6CDB0077F02C /* ReachableAirportsRouter.swift */,
				C65A81F0261F6CE10077F02C /* ReachableAirportsModels.swift */,
			);
			path = ReachableAirports;
			sourceTree = "<group>";
		};
		C65A8216261F7D9E0077F02C /* ReachableAirports */ = {
			isa = PBXGroup;
			children = (
				C65A821D261F8D1F0077F02C /* ReachableAirportsView.swift */,
				C65A8225261F8DEF0077F02C /* ReachableAirportsViewModelRepresentable.swift */,
			);
			path = ReachableAirports;
			sourceTree = "<group>";
		};
/* End PBXGroup section */

/* Begin PBXHeadersBuildPhase section */
		C632E5EA261CDEAD0033656B /* Headers */ = {
			isa = PBXHeadersBuildPhase;
			buildActionMask = 2147483647;
			files = (
			);
			runOnlyForDeploymentPostprocessing = 0;
		};
		C632E607261CE1B20033656B /* Headers */ = {
			isa = PBXHeadersBuildPhase;
			buildActionMask = 2147483647;
			files = (
			);
			runOnlyForDeploymentPostprocessing = 0;
		};
		C65A7F53261D01F30077F02C /* Headers */ = {
			isa = PBXHeadersBuildPhase;
			buildActionMask = 2147483647;
			files = (
			);
			runOnlyForDeploymentPostprocessing = 0;
		};
		C65A7FF4261E10600077F02C /* Headers */ = {
			isa = PBXHeadersBuildPhase;
			buildActionMask = 2147483647;
			files = (
			);
			runOnlyForDeploymentPostprocessing = 0;
		};
		C65A80AE261E25290077F02C /* Headers */ = {
			isa = PBXHeadersBuildPhase;
			buildActionMask = 2147483647;
			files = (
			);
			runOnlyForDeploymentPostprocessing = 0;
		};
/* End PBXHeadersBuildPhase section */

/* Begin PBXNativeTarget section */
		C632E5EE261CDEAD0033656B /* Domain */ = {
			isa = PBXNativeTarget;
			buildConfigurationList = C632E5F4261CDEAD0033656B /* Build configuration list for PBXNativeTarget "Domain" */;
			buildPhases = (
				C632E5EA261CDEAD0033656B /* Headers */,
				C632E5EB261CDEAD0033656B /* Sources */,
				C632E5EC261CDEAD0033656B /* Frameworks */,
				C632E5ED261CDEAD0033656B /* Resources */,
			);
			buildRules = (
			);
			dependencies = (
			);
			name = Domain;
			productName = Domain;
			productReference = C632E5EF261CDEAD0033656B /* Domain.framework */;
			productType = "com.apple.product-type.framework";
		};
		C632E60B261CE1B20033656B /* Data */ = {
			isa = PBXNativeTarget;
			buildConfigurationList = C632E611261CE1B20033656B /* Build configuration list for PBXNativeTarget "Data" */;
			buildPhases = (
				C632E607261CE1B20033656B /* Headers */,
				C632E608261CE1B20033656B /* Sources */,
				C632E609261CE1B20033656B /* Frameworks */,
				C632E60A261CE1B20033656B /* Resources */,
				C632E622261CE25F0033656B /* Embed Frameworks */,
			);
			buildRules = (
			);
			dependencies = (
				C632E621261CE25F0033656B /* PBXTargetDependency */,
			);
			name = Data;
			productName = Data;
			productReference = C632E60C261CE1B20033656B /* Data.framework */;
			productType = "com.apple.product-type.framework";
		};
		C65A7F1A261CF3E20077F02C /* DataTests */ = {
			isa = PBXNativeTarget;
			buildConfigurationList = C65A7F25261CF3E20077F02C /* Build configuration list for PBXNativeTarget "DataTests" */;
			buildPhases = (
				C65A7F17261CF3E20077F02C /* Sources */,
				C65A7F18261CF3E20077F02C /* Frameworks */,
				C65A7F19261CF3E20077F02C /* Resources */,
			);
			buildRules = (
			);
			dependencies = (
				C65A7F22261CF3E20077F02C /* PBXTargetDependency */,
			);
			name = DataTests;
			productName = DataTests;
			productReference = C65A7F1B261CF3E20077F02C /* DataTests.xctest */;
			productType = "com.apple.product-type.bundle.unit-test";
		};
		C65A7F57261D01F30077F02C /* Infra */ = {
			isa = PBXNativeTarget;
			buildConfigurationList = C65A7F69261D01F30077F02C /* Build configuration list for PBXNativeTarget "Infra" */;
			buildPhases = (
				C65A7F53261D01F30077F02C /* Headers */,
				C65A7F54261D01F30077F02C /* Sources */,
				C65A7F55261D01F30077F02C /* Frameworks */,
				C65A7F56261D01F30077F02C /* Resources */,
				C65A7F85261D02A20077F02C /* Embed Frameworks */,
			);
			buildRules = (
			);
			dependencies = (
				C65A7F84261D02A20077F02C /* PBXTargetDependency */,
			);
			name = Infra;
			productName = Infra;
			productReference = C65A7F58261D01F30077F02C /* Infra.framework */;
			productType = "com.apple.product-type.framework";
		};
		C65A7F5F261D01F30077F02C /* InfraTests */ = {
			isa = PBXNativeTarget;
			buildConfigurationList = C65A7F6C261D01F30077F02C /* Build configuration list for PBXNativeTarget "InfraTests" */;
			buildPhases = (
				C65A7F5C261D01F30077F02C /* Sources */,
				C65A7F5D261D01F30077F02C /* Frameworks */,
				C65A7F5E261D01F30077F02C /* Resources */,
			);
			buildRules = (
			);
			dependencies = (
				C65A7F63261D01F30077F02C /* PBXTargetDependency */,
			);
			name = InfraTests;
			productName = InfraTests;
			productReference = C65A7F60261D01F30077F02C /* InfraTests.xctest */;
			productType = "com.apple.product-type.bundle.unit-test";
		};
		C65A7FA9261D06540077F02C /* UseCasesIntegrationTests */ = {
			isa = PBXNativeTarget;
			buildConfigurationList = C65A7FAF261D06540077F02C /* Build configuration list for PBXNativeTarget "UseCasesIntegrationTests" */;
			buildPhases = (
				C65A7FA6261D06540077F02C /* Sources */,
				C65A7FA7261D06540077F02C /* Frameworks */,
				C65A7FA8261D06540077F02C /* Resources */,
			);
			buildRules = (
			);
			dependencies = (
			);
			name = UseCasesIntegrationTests;
			productName = UseCasesIntegrationTests;
			productReference = C65A7FAA261D06540077F02C /* UseCasesIntegrationTests.xctest */;
			productType = "com.apple.product-type.bundle.unit-test";
		};
		C65A7FF8261E10600077F02C /* Application */ = {
			isa = PBXNativeTarget;
			buildConfigurationList = C65A800E261E10610077F02C /* Build configuration list for PBXNativeTarget "Application" */;
			buildPhases = (
				C65A7FF4261E10600077F02C /* Headers */,
				C65A7FF5261E10600077F02C /* Sources */,
				C65A7FF6261E10600077F02C /* Frameworks */,
				C65A7FF7261E10600077F02C /* Resources */,
				C65A8020261E10BC0077F02C /* Embed Frameworks */,
			);
			buildRules = (
			);
			dependencies = (
				C65A801F261E10BC0077F02C /* PBXTargetDependency */,
				C65A80C8261E256D0077F02C /* PBXTargetDependency */,
			);
			name = Application;
			productName = Application;
			productReference = C65A7FF9261E10600077F02C /* Application.framework */;
			productType = "com.apple.product-type.framework";
		};
		C65A8000261E10600077F02C /* ApplicationTests */ = {
			isa = PBXNativeTarget;
			buildConfigurationList = C65A800F261E10610077F02C /* Build configuration list for PBXNativeTarget "ApplicationTests" */;
			buildPhases = (
				C65A7FFD261E10600077F02C /* Sources */,
				C65A7FFE261E10600077F02C /* Frameworks */,
				C65A7FFF261E10600077F02C /* Resources */,
			);
			buildRules = (
			);
			dependencies = (
				C65A8004261E10600077F02C /* PBXTargetDependency */,
			);
			name = ApplicationTests;
			productName = ApplicationTests;
			productReference = C65A8001261E10600077F02C /* ApplicationTests.xctest */;
			productType = "com.apple.product-type.bundle.unit-test";
		};
		C65A805A261E21D40077F02C /* SchipholAirportApp */ = {
			isa = PBXNativeTarget;
			buildConfigurationList = C65A806C261E21D60077F02C /* Build configuration list for PBXNativeTarget "SchipholAirportApp" */;
			buildPhases = (
				C65A8057261E21D40077F02C /* Sources */,
				C65A8058261E21D40077F02C /* Frameworks */,
				C65A8059261E21D40077F02C /* Resources */,
				C65A809D261E23300077F02C /* Embed Frameworks */,
			);
			buildRules = (
			);
			dependencies = (
				C65A8090261E23300077F02C /* PBXTargetDependency */,
				C65A8094261E23300077F02C /* PBXTargetDependency */,
				C65A8098261E23300077F02C /* PBXTargetDependency */,
				C65A809C261E23300077F02C /* PBXTargetDependency */,
				C65A80B9261E25290077F02C /* PBXTargetDependency */,
			);
			name = SchipholAirportApp;
			productName = SchipholAirportApp;
			productReference = C65A805B261E21D40077F02C /* SchipholAirportApp.app */;
			productType = "com.apple.product-type.application";
		};
		C65A80B2261E25290077F02C /* UI */ = {
			isa = PBXNativeTarget;
			buildConfigurationList = C65A80BC261E25290077F02C /* Build configuration list for PBXNativeTarget "UI" */;
			buildPhases = (
				C65A80AE261E25290077F02C /* Headers */,
				C65A80AF261E25290077F02C /* Sources */,
				C65A80B0261E25290077F02C /* Frameworks */,
				C65A80B1261E25290077F02C /* Resources */,
			);
			buildRules = (
			);
			dependencies = (
			);
			name = UI;
			productName = UI;
			productReference = C65A80B3261E25290077F02C /* UI.framework */;
			productType = "com.apple.product-type.framework";
		};
/* End PBXNativeTarget section */

/* Begin PBXProject section */
		C632E5D4261CDD220033656B /* Project object */ = {
			isa = PBXProject;
			attributes = {
				LastSwiftUpdateCheck = 1240;
				LastUpgradeCheck = 1240;
				TargetAttributes = {
					C632E5EE261CDEAD0033656B = {
						CreatedOnToolsVersion = 12.4;
						LastSwiftMigration = 1240;
					};
					C632E60B261CE1B20033656B = {
						CreatedOnToolsVersion = 12.4;
						LastSwiftMigration = 1240;
					};
					C65A7F1A261CF3E20077F02C = {
						CreatedOnToolsVersion = 12.4;
						LastSwiftMigration = 1240;
					};
					C65A7F57261D01F30077F02C = {
						CreatedOnToolsVersion = 12.4;
						LastSwiftMigration = 1240;
					};
					C65A7F5F261D01F30077F02C = {
						CreatedOnToolsVersion = 12.4;
					};
					C65A7FA9261D06540077F02C = {
						CreatedOnToolsVersion = 12.4;
					};
					C65A7FF8261E10600077F02C = {
						CreatedOnToolsVersion = 12.4;
						LastSwiftMigration = 1240;
					};
					C65A8000261E10600077F02C = {
						CreatedOnToolsVersion = 12.4;
					};
					C65A805A261E21D40077F02C = {
						CreatedOnToolsVersion = 12.4;
					};
					C65A80B2261E25290077F02C = {
						CreatedOnToolsVersion = 12.4;
						LastSwiftMigration = 1240;
					};
				};
			};
			buildConfigurationList = C632E5D7261CDD220033656B /* Build configuration list for PBXProject "SchipholAirport" */;
			compatibilityVersion = "Xcode 9.3";
			developmentRegion = en;
			hasScannedForEncodings = 0;
			knownRegions = (
				en,
				Base,
			);
			mainGroup = C632E5D3261CDD220033656B;
			productRefGroup = C632E5DE261CDD220033656B /* Products */;
			projectDirPath = "";
			projectRoot = "";
			targets = (
				C65A805A261E21D40077F02C /* SchipholAirportApp */,
				C632E5EE261CDEAD0033656B /* Domain */,
				C632E60B261CE1B20033656B /* Data */,
				C65A7F1A261CF3E20077F02C /* DataTests */,
				C65A7F57261D01F30077F02C /* Infra */,
				C65A7F5F261D01F30077F02C /* InfraTests */,
				C65A7FA9261D06540077F02C /* UseCasesIntegrationTests */,
				C65A7FF8261E10600077F02C /* Application */,
				C65A8000261E10600077F02C /* ApplicationTests */,
				C65A80B2261E25290077F02C /* UI */,
			);
		};
/* End PBXProject section */

/* Begin PBXResourcesBuildPhase section */
		C632E5ED261CDEAD0033656B /* Resources */ = {
			isa = PBXResourcesBuildPhase;
			buildActionMask = 2147483647;
			files = (
			);
			runOnlyForDeploymentPostprocessing = 0;
		};
		C632E60A261CE1B20033656B /* Resources */ = {
			isa = PBXResourcesBuildPhase;
			buildActionMask = 2147483647;
			files = (
			);
			runOnlyForDeploymentPostprocessing = 0;
		};
		C65A7F19261CF3E20077F02C /* Resources */ = {
			isa = PBXResourcesBuildPhase;
			buildActionMask = 2147483647;
			files = (
			);
			runOnlyForDeploymentPostprocessing = 0;
		};
		C65A7F56261D01F30077F02C /* Resources */ = {
			isa = PBXResourcesBuildPhase;
			buildActionMask = 2147483647;
			files = (
			);
			runOnlyForDeploymentPostprocessing = 0;
		};
		C65A7F5E261D01F30077F02C /* Resources */ = {
			isa = PBXResourcesBuildPhase;
			buildActionMask = 2147483647;
			files = (
			);
			runOnlyForDeploymentPostprocessing = 0;
		};
		C65A7FA8261D06540077F02C /* Resources */ = {
			isa = PBXResourcesBuildPhase;
			buildActionMask = 2147483647;
			files = (
			);
			runOnlyForDeploymentPostprocessing = 0;
		};
		C65A7FF7261E10600077F02C /* Resources */ = {
			isa = PBXResourcesBuildPhase;
			buildActionMask = 2147483647;
			files = (
			);
			runOnlyForDeploymentPostprocessing = 0;
		};
		C65A7FFF261E10600077F02C /* Resources */ = {
			isa = PBXResourcesBuildPhase;
			buildActionMask = 2147483647;
			files = (
			);
			runOnlyForDeploymentPostprocessing = 0;
		};
		C65A8059261E21D40077F02C /* Resources */ = {
			isa = PBXResourcesBuildPhase;
			buildActionMask = 2147483647;
			files = (
				C65A806A261E21D60077F02C /* LaunchScreen.storyboard in Resources */,
				C65A8067261E21D60077F02C /* Assets.xcassets in Resources */,
			);
			runOnlyForDeploymentPostprocessing = 0;
		};
		C65A80B1261E25290077F02C /* Resources */ = {
			isa = PBXResourcesBuildPhase;
			buildActionMask = 2147483647;
			files = (
			);
			runOnlyForDeploymentPostprocessing = 0;
		};
/* End PBXResourcesBuildPhase section */

/* Begin PBXSourcesBuildPhase section */
		C632E5EB261CDEAD0033656B /* Sources */ = {
			isa = PBXSourcesBuildPhase;
			buildActionMask = 2147483647;
			files = (
				C632E5F9261CDF0E0033656B /* GetAirports.swift in Sources */,
				C65A7FB7261DD7C20077F02C /* GetFlights.swift in Sources */,
				C632E603261CE0600033656B /* DomainError.swift in Sources */,
				C632E5FC261CDF930033656B /* Airports.swift in Sources */,
				C65A7EFD261CEB200077F02C /* Model.swift in Sources */,
				C65A7FBD261DD7E20077F02C /* Flights.swift in Sources */,
			);
			runOnlyForDeploymentPostprocessing = 0;
		};
		C632E608261CE1B20033656B /* Sources */ = {
			isa = PBXSourcesBuildPhase;
			buildActionMask = 2147483647;
			files = (
				C65A7EF5261CE9730077F02C /* GetAirportsRequest.swift in Sources */,
				C65A7EF2261CE9570077F02C /* AirportResource.swift in Sources */,
				C632E619261CE2320033656B /* RemoteGetAirports.swift in Sources */,
				C632E62A261CE2EC0033656B /* HttpError.swift in Sources */,
				C65A7EF9261CEAB30077F02C /* DataExtensions.swift in Sources */,
				C65A7EEF261CE5450077F02C /* AirportsAPI.swift in Sources */,
				C65A7FEF261DEDDA0077F02C /* GetFlightsRequest.swift in Sources */,
				C65A7FC7261DDE750077F02C /* RemoteGetFlights.swift in Sources */,
				C632E626261CE2DC0033656B /* HttpClient.swift in Sources */,
			);
			runOnlyForDeploymentPostprocessing = 0;
		};
		C65A7F17261CF3E20077F02C /* Sources */ = {
			isa = PBXSourcesBuildPhase;
			buildActionMask = 2147483647;
			files = (
				C65A7F3F261CF6D30077F02C /* TestFactory.swift in Sources */,
				C65A7F31261CF4950077F02C /* RemoteGetAirportsTests.swift in Sources */,
				C65A7F46261CF7610077F02C /* getAirportsJSON.swift in Sources */,
				C65A7F4C261CF9540077F02C /* TestExtensions.swift in Sources */,
				C65A7FE9261DEB100077F02C /* RemoteGetFlightsTests.swift in Sources */,
				C65A7FCD261DDEC90077F02C /* getFlightsJSON.swift in Sources */,
				C65A7F38261CF5C90077F02C /* HttpClientSpy.swift in Sources */,
			);
			runOnlyForDeploymentPostprocessing = 0;
		};
		C65A7F54261D01F30077F02C /* Sources */ = {
			isa = PBXSourcesBuildPhase;
			buildActionMask = 2147483647;
			files = (
				C65A7F78261D02410077F02C /* URLSessionAdapter.swift in Sources */,
			);
			runOnlyForDeploymentPostprocessing = 0;
		};
		C65A7F5C261D01F30077F02C /* Sources */ = {
			isa = PBXSourcesBuildPhase;
			buildActionMask = 2147483647;
			files = (
				C65A7FDB261DDFDB0077F02C /* getFlightsJSON.swift in Sources */,
				C65A7F9A261D047A0077F02C /* TestFactory.swift in Sources */,
				C65A7FA2261D052D0077F02C /* TestExtensions.swift in Sources */,
				C65A7F66261D01F30077F02C /* URLSessionAdapterTests.swift in Sources */,
				C65A7F8E261D04040077F02C /* URLProtocolStub.swift in Sources */,
				C65A7F9E261D04A40077F02C /* getAirportsJSON.swift in Sources */,
				C65A7F96261D04180077F02C /* RequestObserver.swift in Sources */,
			);
			runOnlyForDeploymentPostprocessing = 0;
		};
		C65A7FA6261D06540077F02C /* Sources */ = {
			isa = PBXSourcesBuildPhase;
			buildActionMask = 2147483647;
			files = (
				C65A7FAD261D06540077F02C /* UseCasesIntegrationTests.swift in Sources */,
			);
			runOnlyForDeploymentPostprocessing = 0;
		};
		C65A7FF5261E10600077F02C /* Sources */ = {
			isa = PBXSourcesBuildPhase;
			buildActionMask = 2147483647;
			files = (
				C65A804C261E1FBE0077F02C /* Application.swift in Sources */,
				C65A8029261E119B0077F02C /* AirportsMapViewController.swift in Sources */,
				C65A8045261E13D20077F02C /* AirportsMapModels.swift in Sources */,
				C65A8146261E4FFF0077F02C /* AirportsDetailRouter.swift in Sources */,
				C65A81F1261F6CE10077F02C /* ReachableAirportsModels.swift in Sources */,
				C65A81D9261F6CC60077F02C /* ReachableAirportsInteractor.swift in Sources */,
				C65A803E261E12480077F02C /* AirportsMapRouter.swift in Sources */,
				C65A814E261E510E0077F02C /* AirportDetailModels.swift in Sources */,
				C65A8037261E120D0077F02C /* AirportsMapPresenter.swift in Sources */,
				C65A815C261E57CF0077F02C /* SceneFactory.swift in Sources */,
				C65A81E1261F6CD40077F02C /* ReachableAirportsPresenter.swift in Sources */,
				C65A81E9261F6CDB0077F02C /* ReachableAirportsRouter.swift in Sources */,
				C65A8128261E4E780077F02C /* AirportDetailViewController.swift in Sources */,
				C65A8030261E11DE0077F02C /* AirportsMapInteractor.swift in Sources */,
				C65A81C5261F6C0E0077F02C /* ReachableAirportsViewController.swift in Sources */,
				C65A8136261E4F8B0077F02C /* AirportDetailInteractor.swift in Sources */,
				C65A813E261E4FAE0077F02C /* AirportDetailPresenter.swift in Sources */,
			);
			runOnlyForDeploymentPostprocessing = 0;
		};
		C65A7FFD261E10600077F02C /* Sources */ = {
			isa = PBXSourcesBuildPhase;
			buildActionMask = 2147483647;
			files = (
				C65A8007261E10600077F02C /* ApplicationTests.swift in Sources */,
			);
			runOnlyForDeploymentPostprocessing = 0;
		};
		C65A8057261E21D40077F02C /* Sources */ = {
			isa = PBXSourcesBuildPhase;
			buildActionMask = 2147483647;
			files = (
				C65A805E261E21D40077F02C /* AppDelegate.swift in Sources */,
			);
			runOnlyForDeploymentPostprocessing = 0;
		};
		C65A80AF261E25290077F02C /* Sources */ = {
			isa = PBXSourcesBuildPhase;
			buildActionMask = 2147483647;
			files = (
				C65A80D9261E25DE0077F02C /* AirportsMapView.swift in Sources */,
				C65A821E261F8D1F0077F02C /* ReachableAirportsView.swift in Sources */,
				C65A823C261FA14D0077F02C /* UIViewControllerExtensions.swift in Sources */,
				C65A8191261F44230077F02C /* UIViewExtensions.swift in Sources */,
				C65A8226261F8DEF0077F02C /* ReachableAirportsViewModelRepresentable.swift in Sources */,
				C65A822E261F90D50077F02C /* Identifiable.swift in Sources */,
				C65A819F261F520A0077F02C /* AirportDetailViewModelRepresentable.swift in Sources */,
				C65A816B261E62A90077F02C /* AirportDetailView.swift in Sources */,
				C65A80EF261E2D7E0077F02C /* AirportsMapViewModelRepresentable.swift in Sources */,
				C65A80E1261E25FE0077F02C /* ViewCode.swift in Sources */,
			);
			runOnlyForDeploymentPostprocessing = 0;
		};
/* End PBXSourcesBuildPhase section */

/* Begin PBXTargetDependency section */
		C632E621261CE25F0033656B /* PBXTargetDependency */ = {
			isa = PBXTargetDependency;
			target = C632E5EE261CDEAD0033656B /* Domain */;
			targetProxy = C632E620261CE25F0033656B /* PBXContainerItemProxy */;
		};
		C65A7F22261CF3E20077F02C /* PBXTargetDependency */ = {
			isa = PBXTargetDependency;
			target = C632E60B261CE1B20033656B /* Data */;
			targetProxy = C65A7F21261CF3E20077F02C /* PBXContainerItemProxy */;
		};
		C65A7F63261D01F30077F02C /* PBXTargetDependency */ = {
			isa = PBXTargetDependency;
			target = C65A7F57261D01F30077F02C /* Infra */;
			targetProxy = C65A7F62261D01F30077F02C /* PBXContainerItemProxy */;
		};
		C65A7F84261D02A20077F02C /* PBXTargetDependency */ = {
			isa = PBXTargetDependency;
			target = C632E60B261CE1B20033656B /* Data */;
			targetProxy = C65A7F83261D02A20077F02C /* PBXContainerItemProxy */;
		};
		C65A8004261E10600077F02C /* PBXTargetDependency */ = {
			isa = PBXTargetDependency;
			target = C65A7FF8261E10600077F02C /* Application */;
			targetProxy = C65A8003261E10600077F02C /* PBXContainerItemProxy */;
		};
		C65A801F261E10BC0077F02C /* PBXTargetDependency */ = {
			isa = PBXTargetDependency;
			platformFilter = ios;
			target = C632E5EE261CDEAD0033656B /* Domain */;
			targetProxy = C65A801E261E10BC0077F02C /* PBXContainerItemProxy */;
		};
		C65A8090261E23300077F02C /* PBXTargetDependency */ = {
			isa = PBXTargetDependency;
			target = C65A7FF8261E10600077F02C /* Application */;
			targetProxy = C65A808F261E23300077F02C /* PBXContainerItemProxy */;
		};
		C65A8094261E23300077F02C /* PBXTargetDependency */ = {
			isa = PBXTargetDependency;
			target = C632E60B261CE1B20033656B /* Data */;
			targetProxy = C65A8093261E23300077F02C /* PBXContainerItemProxy */;
		};
		C65A8098261E23300077F02C /* PBXTargetDependency */ = {
			isa = PBXTargetDependency;
			target = C632E5EE261CDEAD0033656B /* Domain */;
			targetProxy = C65A8097261E23300077F02C /* PBXContainerItemProxy */;
		};
		C65A809C261E23300077F02C /* PBXTargetDependency */ = {
			isa = PBXTargetDependency;
			target = C65A7F57261D01F30077F02C /* Infra */;
			targetProxy = C65A809B261E23300077F02C /* PBXContainerItemProxy */;
		};
		C65A80B9261E25290077F02C /* PBXTargetDependency */ = {
			isa = PBXTargetDependency;
			target = C65A80B2261E25290077F02C /* UI */;
			targetProxy = C65A80B8261E25290077F02C /* PBXContainerItemProxy */;
		};
		C65A80C8261E256D0077F02C /* PBXTargetDependency */ = {
			isa = PBXTargetDependency;
			platformFilter = ios;
			target = C65A80B2261E25290077F02C /* UI */;
			targetProxy = C65A80C7261E256D0077F02C /* PBXContainerItemProxy */;
		};
/* End PBXTargetDependency section */

/* Begin PBXVariantGroup section */
		C65A8068261E21D60077F02C /* LaunchScreen.storyboard */ = {
			isa = PBXVariantGroup;
			children = (
				C65A8069261E21D60077F02C /* Base */,
			);
			name = LaunchScreen.storyboard;
			sourceTree = "<group>";
		};
/* End PBXVariantGroup section */

/* Begin XCBuildConfiguration section */
		C632E5E3261CDD220033656B /* Debug */ = {
			isa = XCBuildConfiguration;
			buildSettings = {
				ALWAYS_SEARCH_USER_PATHS = NO;
				CLANG_ANALYZER_NONNULL = YES;
				CLANG_ANALYZER_NUMBER_OBJECT_CONVERSION = YES_AGGRESSIVE;
				CLANG_CXX_LANGUAGE_STANDARD = "gnu++14";
				CLANG_CXX_LIBRARY = "libc++";
				CLANG_ENABLE_MODULES = YES;
				CLANG_ENABLE_OBJC_ARC = YES;
				CLANG_ENABLE_OBJC_WEAK = YES;
				CLANG_WARN_BLOCK_CAPTURE_AUTORELEASING = YES;
				CLANG_WARN_BOOL_CONVERSION = YES;
				CLANG_WARN_COMMA = YES;
				CLANG_WARN_CONSTANT_CONVERSION = YES;
				CLANG_WARN_DEPRECATED_OBJC_IMPLEMENTATIONS = YES;
				CLANG_WARN_DIRECT_OBJC_ISA_USAGE = YES_ERROR;
				CLANG_WARN_DOCUMENTATION_COMMENTS = YES;
				CLANG_WARN_EMPTY_BODY = YES;
				CLANG_WARN_ENUM_CONVERSION = YES;
				CLANG_WARN_INFINITE_RECURSION = YES;
				CLANG_WARN_INT_CONVERSION = YES;
				CLANG_WARN_NON_LITERAL_NULL_CONVERSION = YES;
				CLANG_WARN_OBJC_IMPLICIT_RETAIN_SELF = YES;
				CLANG_WARN_OBJC_LITERAL_CONVERSION = YES;
				CLANG_WARN_OBJC_ROOT_CLASS = YES_ERROR;
				CLANG_WARN_QUOTED_INCLUDE_IN_FRAMEWORK_HEADER = YES;
				CLANG_WARN_RANGE_LOOP_ANALYSIS = YES;
				CLANG_WARN_STRICT_PROTOTYPES = YES;
				CLANG_WARN_SUSPICIOUS_MOVE = YES;
				CLANG_WARN_UNGUARDED_AVAILABILITY = YES_AGGRESSIVE;
				CLANG_WARN_UNREACHABLE_CODE = YES;
				CLANG_WARN__DUPLICATE_METHOD_MATCH = YES;
				COPY_PHASE_STRIP = NO;
				CURRENT_PROJECT_VERSION = 1;
				DEBUG_INFORMATION_FORMAT = dwarf;
				ENABLE_STRICT_OBJC_MSGSEND = YES;
				ENABLE_TESTABILITY = YES;
				GCC_C_LANGUAGE_STANDARD = gnu11;
				GCC_DYNAMIC_NO_PIC = NO;
				GCC_NO_COMMON_BLOCKS = YES;
				GCC_OPTIMIZATION_LEVEL = 0;
				GCC_PREPROCESSOR_DEFINITIONS = (
					"DEBUG=1",
					"$(inherited)",
				);
				GCC_WARN_64_TO_32_BIT_CONVERSION = YES;
				GCC_WARN_ABOUT_RETURN_TYPE = YES_ERROR;
				GCC_WARN_UNDECLARED_SELECTOR = YES;
				GCC_WARN_UNINITIALIZED_AUTOS = YES_AGGRESSIVE;
				GCC_WARN_UNUSED_FUNCTION = YES;
				GCC_WARN_UNUSED_VARIABLE = YES;
				IPHONEOS_DEPLOYMENT_TARGET = 14.4;
				MTL_ENABLE_DEBUG_INFO = INCLUDE_SOURCE;
				MTL_FAST_MATH = YES;
				ONLY_ACTIVE_ARCH = YES;
				SDKROOT = iphoneos;
				SWIFT_ACTIVE_COMPILATION_CONDITIONS = DEBUG;
				SWIFT_OPTIMIZATION_LEVEL = "-Onone";
				VERSIONING_SYSTEM = "apple-generic";
				VERSION_INFO_PREFIX = "";
			};
			name = Debug;
		};
		C632E5E4261CDD220033656B /* Release */ = {
			isa = XCBuildConfiguration;
			buildSettings = {
				ALWAYS_SEARCH_USER_PATHS = NO;
				CLANG_ANALYZER_NONNULL = YES;
				CLANG_ANALYZER_NUMBER_OBJECT_CONVERSION = YES_AGGRESSIVE;
				CLANG_CXX_LANGUAGE_STANDARD = "gnu++14";
				CLANG_CXX_LIBRARY = "libc++";
				CLANG_ENABLE_MODULES = YES;
				CLANG_ENABLE_OBJC_ARC = YES;
				CLANG_ENABLE_OBJC_WEAK = YES;
				CLANG_WARN_BLOCK_CAPTURE_AUTORELEASING = YES;
				CLANG_WARN_BOOL_CONVERSION = YES;
				CLANG_WARN_COMMA = YES;
				CLANG_WARN_CONSTANT_CONVERSION = YES;
				CLANG_WARN_DEPRECATED_OBJC_IMPLEMENTATIONS = YES;
				CLANG_WARN_DIRECT_OBJC_ISA_USAGE = YES_ERROR;
				CLANG_WARN_DOCUMENTATION_COMMENTS = YES;
				CLANG_WARN_EMPTY_BODY = YES;
				CLANG_WARN_ENUM_CONVERSION = YES;
				CLANG_WARN_INFINITE_RECURSION = YES;
				CLANG_WARN_INT_CONVERSION = YES;
				CLANG_WARN_NON_LITERAL_NULL_CONVERSION = YES;
				CLANG_WARN_OBJC_IMPLICIT_RETAIN_SELF = YES;
				CLANG_WARN_OBJC_LITERAL_CONVERSION = YES;
				CLANG_WARN_OBJC_ROOT_CLASS = YES_ERROR;
				CLANG_WARN_QUOTED_INCLUDE_IN_FRAMEWORK_HEADER = YES;
				CLANG_WARN_RANGE_LOOP_ANALYSIS = YES;
				CLANG_WARN_STRICT_PROTOTYPES = YES;
				CLANG_WARN_SUSPICIOUS_MOVE = YES;
				CLANG_WARN_UNGUARDED_AVAILABILITY = YES_AGGRESSIVE;
				CLANG_WARN_UNREACHABLE_CODE = YES;
				CLANG_WARN__DUPLICATE_METHOD_MATCH = YES;
				COPY_PHASE_STRIP = NO;
				CURRENT_PROJECT_VERSION = 1;
				DEBUG_INFORMATION_FORMAT = "dwarf-with-dsym";
				ENABLE_NS_ASSERTIONS = NO;
				ENABLE_STRICT_OBJC_MSGSEND = YES;
				GCC_C_LANGUAGE_STANDARD = gnu11;
				GCC_NO_COMMON_BLOCKS = YES;
				GCC_WARN_64_TO_32_BIT_CONVERSION = YES;
				GCC_WARN_ABOUT_RETURN_TYPE = YES_ERROR;
				GCC_WARN_UNDECLARED_SELECTOR = YES;
				GCC_WARN_UNINITIALIZED_AUTOS = YES_AGGRESSIVE;
				GCC_WARN_UNUSED_FUNCTION = YES;
				GCC_WARN_UNUSED_VARIABLE = YES;
				IPHONEOS_DEPLOYMENT_TARGET = 14.4;
				MTL_ENABLE_DEBUG_INFO = NO;
				MTL_FAST_MATH = YES;
				SDKROOT = iphoneos;
				SWIFT_COMPILATION_MODE = wholemodule;
				SWIFT_OPTIMIZATION_LEVEL = "-O";
				VALIDATE_PRODUCT = YES;
				VERSIONING_SYSTEM = "apple-generic";
				VERSION_INFO_PREFIX = "";
			};
			name = Release;
		};
		C632E5F5261CDEAD0033656B /* Debug */ = {
			isa = XCBuildConfiguration;
			buildSettings = {
				CLANG_ENABLE_MODULES = YES;
				CODE_SIGN_STYLE = Automatic;
				DEFINES_MODULE = YES;
				DYLIB_COMPATIBILITY_VERSION = 1;
				DYLIB_CURRENT_VERSION = 1;
				DYLIB_INSTALL_NAME_BASE = "@rpath";
				INFOPLIST_FILE = Domain/Info.plist;
				INSTALL_PATH = "$(LOCAL_LIBRARY_DIR)/Frameworks";
				IPHONEOS_DEPLOYMENT_TARGET = 14.3;
				LD_RUNPATH_SEARCH_PATHS = (
					"$(inherited)",
					"@executable_path/Frameworks",
					"@loader_path/Frameworks",
				);
				PRODUCT_BUNDLE_IDENTIFIER = com.matheusvds.Domain;
				PRODUCT_NAME = "$(TARGET_NAME:c99extidentifier)";
				SKIP_INSTALL = YES;
				SUPPORTS_MACCATALYST = NO;
				SWIFT_OPTIMIZATION_LEVEL = "-Onone";
				SWIFT_VERSION = 5.0;
				TARGETED_DEVICE_FAMILY = "1,2";
			};
			name = Debug;
		};
		C632E5F6261CDEAD0033656B /* Release */ = {
			isa = XCBuildConfiguration;
			buildSettings = {
				CLANG_ENABLE_MODULES = YES;
				CODE_SIGN_STYLE = Automatic;
				DEFINES_MODULE = YES;
				DYLIB_COMPATIBILITY_VERSION = 1;
				DYLIB_CURRENT_VERSION = 1;
				DYLIB_INSTALL_NAME_BASE = "@rpath";
				INFOPLIST_FILE = Domain/Info.plist;
				INSTALL_PATH = "$(LOCAL_LIBRARY_DIR)/Frameworks";
				IPHONEOS_DEPLOYMENT_TARGET = 14.3;
				LD_RUNPATH_SEARCH_PATHS = (
					"$(inherited)",
					"@executable_path/Frameworks",
					"@loader_path/Frameworks",
				);
				PRODUCT_BUNDLE_IDENTIFIER = com.matheusvds.Domain;
				PRODUCT_NAME = "$(TARGET_NAME:c99extidentifier)";
				SKIP_INSTALL = YES;
				SUPPORTS_MACCATALYST = NO;
				SWIFT_VERSION = 5.0;
				TARGETED_DEVICE_FAMILY = "1,2";
			};
			name = Release;
		};
		C632E612261CE1B20033656B /* Debug */ = {
			isa = XCBuildConfiguration;
			buildSettings = {
				CLANG_ENABLE_MODULES = YES;
				CODE_SIGN_STYLE = Automatic;
				DEFINES_MODULE = YES;
				DYLIB_COMPATIBILITY_VERSION = 1;
				DYLIB_CURRENT_VERSION = 1;
				DYLIB_INSTALL_NAME_BASE = "@rpath";
				INFOPLIST_FILE = Data/Info.plist;
				INSTALL_PATH = "$(LOCAL_LIBRARY_DIR)/Frameworks";
				IPHONEOS_DEPLOYMENT_TARGET = 14.3;
				LD_RUNPATH_SEARCH_PATHS = (
					"$(inherited)",
					"@executable_path/Frameworks",
					"@loader_path/Frameworks",
				);
				PRODUCT_BUNDLE_IDENTIFIER = com.matheusvds.Data;
				PRODUCT_NAME = "$(TARGET_NAME:c99extidentifier)";
				SKIP_INSTALL = YES;
				SUPPORTS_MACCATALYST = NO;
				SWIFT_OPTIMIZATION_LEVEL = "-Onone";
				SWIFT_VERSION = 5.0;
				TARGETED_DEVICE_FAMILY = "1,2";
			};
			name = Debug;
		};
		C632E613261CE1B20033656B /* Release */ = {
			isa = XCBuildConfiguration;
			buildSettings = {
				CLANG_ENABLE_MODULES = YES;
				CODE_SIGN_STYLE = Automatic;
				DEFINES_MODULE = YES;
				DYLIB_COMPATIBILITY_VERSION = 1;
				DYLIB_CURRENT_VERSION = 1;
				DYLIB_INSTALL_NAME_BASE = "@rpath";
				INFOPLIST_FILE = Data/Info.plist;
				INSTALL_PATH = "$(LOCAL_LIBRARY_DIR)/Frameworks";
				IPHONEOS_DEPLOYMENT_TARGET = 14.3;
				LD_RUNPATH_SEARCH_PATHS = (
					"$(inherited)",
					"@executable_path/Frameworks",
					"@loader_path/Frameworks",
				);
				PRODUCT_BUNDLE_IDENTIFIER = com.matheusvds.Data;
				PRODUCT_NAME = "$(TARGET_NAME:c99extidentifier)";
				SKIP_INSTALL = YES;
				SUPPORTS_MACCATALYST = NO;
				SWIFT_VERSION = 5.0;
				TARGETED_DEVICE_FAMILY = "1,2";
			};
			name = Release;
		};
		C65A7F23261CF3E20077F02C /* Debug */ = {
			isa = XCBuildConfiguration;
			buildSettings = {
				CLANG_ENABLE_MODULES = YES;
				CODE_SIGN_STYLE = Automatic;
				INFOPLIST_FILE = DataTests/Info.plist;
				LD_RUNPATH_SEARCH_PATHS = (
					"$(inherited)",
					"@executable_path/Frameworks",
					"@loader_path/Frameworks",
				);
				PRODUCT_BUNDLE_IDENTIFIER = com.matheusvds.DataTests;
				PRODUCT_NAME = "$(TARGET_NAME)";
				SWIFT_OPTIMIZATION_LEVEL = "-Onone";
				SWIFT_VERSION = 5.0;
				TARGETED_DEVICE_FAMILY = "1,2";
			};
			name = Debug;
		};
		C65A7F24261CF3E20077F02C /* Release */ = {
			isa = XCBuildConfiguration;
			buildSettings = {
				CLANG_ENABLE_MODULES = YES;
				CODE_SIGN_STYLE = Automatic;
				INFOPLIST_FILE = DataTests/Info.plist;
				LD_RUNPATH_SEARCH_PATHS = (
					"$(inherited)",
					"@executable_path/Frameworks",
					"@loader_path/Frameworks",
				);
				PRODUCT_BUNDLE_IDENTIFIER = com.matheusvds.DataTests;
				PRODUCT_NAME = "$(TARGET_NAME)";
				SWIFT_VERSION = 5.0;
				TARGETED_DEVICE_FAMILY = "1,2";
			};
			name = Release;
		};
		C65A7F6A261D01F30077F02C /* Debug */ = {
			isa = XCBuildConfiguration;
			buildSettings = {
				CLANG_ENABLE_MODULES = YES;
				CODE_SIGN_STYLE = Automatic;
				DEFINES_MODULE = YES;
				DYLIB_COMPATIBILITY_VERSION = 1;
				DYLIB_CURRENT_VERSION = 1;
				DYLIB_INSTALL_NAME_BASE = "@rpath";
				INFOPLIST_FILE = Infra/Info.plist;
				INSTALL_PATH = "$(LOCAL_LIBRARY_DIR)/Frameworks";
				IPHONEOS_DEPLOYMENT_TARGET = 14.3;
				LD_RUNPATH_SEARCH_PATHS = (
					"$(inherited)",
					"@executable_path/Frameworks",
					"@loader_path/Frameworks",
				);
				PRODUCT_BUNDLE_IDENTIFIER = com.matheusvds.Infra;
				PRODUCT_NAME = "$(TARGET_NAME:c99extidentifier)";
				SKIP_INSTALL = YES;
				SUPPORTS_MACCATALYST = NO;
				SWIFT_OPTIMIZATION_LEVEL = "-Onone";
				SWIFT_VERSION = 5.0;
				TARGETED_DEVICE_FAMILY = "1,2";
			};
			name = Debug;
		};
		C65A7F6B261D01F30077F02C /* Release */ = {
			isa = XCBuildConfiguration;
			buildSettings = {
				CLANG_ENABLE_MODULES = YES;
				CODE_SIGN_STYLE = Automatic;
				DEFINES_MODULE = YES;
				DYLIB_COMPATIBILITY_VERSION = 1;
				DYLIB_CURRENT_VERSION = 1;
				DYLIB_INSTALL_NAME_BASE = "@rpath";
				INFOPLIST_FILE = Infra/Info.plist;
				INSTALL_PATH = "$(LOCAL_LIBRARY_DIR)/Frameworks";
				IPHONEOS_DEPLOYMENT_TARGET = 14.3;
				LD_RUNPATH_SEARCH_PATHS = (
					"$(inherited)",
					"@executable_path/Frameworks",
					"@loader_path/Frameworks",
				);
				PRODUCT_BUNDLE_IDENTIFIER = com.matheusvds.Infra;
				PRODUCT_NAME = "$(TARGET_NAME:c99extidentifier)";
				SKIP_INSTALL = YES;
				SUPPORTS_MACCATALYST = NO;
				SWIFT_VERSION = 5.0;
				TARGETED_DEVICE_FAMILY = "1,2";
			};
			name = Release;
		};
		C65A7F6D261D01F30077F02C /* Debug */ = {
			isa = XCBuildConfiguration;
			buildSettings = {
				ALWAYS_EMBED_SWIFT_STANDARD_LIBRARIES = YES;
				CODE_SIGN_STYLE = Automatic;
				INFOPLIST_FILE = InfraTests/Info.plist;
				LD_RUNPATH_SEARCH_PATHS = (
					"$(inherited)",
					"@executable_path/Frameworks",
					"@loader_path/Frameworks",
				);
				PRODUCT_BUNDLE_IDENTIFIER = com.matheusvds.InfraTests;
				PRODUCT_NAME = "$(TARGET_NAME)";
				SWIFT_VERSION = 5.0;
				TARGETED_DEVICE_FAMILY = "1,2";
			};
			name = Debug;
		};
		C65A7F6E261D01F30077F02C /* Release */ = {
			isa = XCBuildConfiguration;
			buildSettings = {
				ALWAYS_EMBED_SWIFT_STANDARD_LIBRARIES = YES;
				CODE_SIGN_STYLE = Automatic;
				INFOPLIST_FILE = InfraTests/Info.plist;
				LD_RUNPATH_SEARCH_PATHS = (
					"$(inherited)",
					"@executable_path/Frameworks",
					"@loader_path/Frameworks",
				);
				PRODUCT_BUNDLE_IDENTIFIER = com.matheusvds.InfraTests;
				PRODUCT_NAME = "$(TARGET_NAME)";
				SWIFT_VERSION = 5.0;
				TARGETED_DEVICE_FAMILY = "1,2";
			};
			name = Release;
		};
		C65A7FB0261D06540077F02C /* Debug */ = {
			isa = XCBuildConfiguration;
			buildSettings = {
				CODE_SIGN_STYLE = Automatic;
				INFOPLIST_FILE = UseCasesIntegrationTests/Info.plist;
				LD_RUNPATH_SEARCH_PATHS = (
					"$(inherited)",
					"@executable_path/Frameworks",
					"@loader_path/Frameworks",
				);
				PRODUCT_BUNDLE_IDENTIFIER = com.matheusvds.UseCasesIntegrationTests;
				PRODUCT_NAME = "$(TARGET_NAME)";
				SWIFT_VERSION = 5.0;
				TARGETED_DEVICE_FAMILY = "1,2";
			};
			name = Debug;
		};
		C65A7FB1261D06540077F02C /* Release */ = {
			isa = XCBuildConfiguration;
			buildSettings = {
				CODE_SIGN_STYLE = Automatic;
				INFOPLIST_FILE = UseCasesIntegrationTests/Info.plist;
				LD_RUNPATH_SEARCH_PATHS = (
					"$(inherited)",
					"@executable_path/Frameworks",
					"@loader_path/Frameworks",
				);
				PRODUCT_BUNDLE_IDENTIFIER = com.matheusvds.UseCasesIntegrationTests;
				PRODUCT_NAME = "$(TARGET_NAME)";
				SWIFT_VERSION = 5.0;
				TARGETED_DEVICE_FAMILY = "1,2";
			};
			name = Release;
		};
		C65A800A261E10610077F02C /* Debug */ = {
			isa = XCBuildConfiguration;
			buildSettings = {
				CLANG_ENABLE_MODULES = YES;
				CODE_SIGN_STYLE = Automatic;
				DEFINES_MODULE = YES;
				DYLIB_COMPATIBILITY_VERSION = 1;
				DYLIB_CURRENT_VERSION = 1;
				DYLIB_INSTALL_NAME_BASE = "@rpath";
				INFOPLIST_FILE = Application/Info.plist;
				INSTALL_PATH = "$(LOCAL_LIBRARY_DIR)/Frameworks";
				IPHONEOS_DEPLOYMENT_TARGET = 14.3;
				LD_RUNPATH_SEARCH_PATHS = (
					"$(inherited)",
					"@executable_path/Frameworks",
					"@loader_path/Frameworks",
				);
				PRODUCT_BUNDLE_IDENTIFIER = com.matheusvds.Application;
				PRODUCT_NAME = "$(TARGET_NAME:c99extidentifier)";
				SKIP_INSTALL = YES;
				SWIFT_OPTIMIZATION_LEVEL = "-Onone";
				SWIFT_VERSION = 5.0;
				TARGETED_DEVICE_FAMILY = "1,2";
			};
			name = Debug;
		};
		C65A800B261E10610077F02C /* Release */ = {
			isa = XCBuildConfiguration;
			buildSettings = {
				CLANG_ENABLE_MODULES = YES;
				CODE_SIGN_STYLE = Automatic;
				DEFINES_MODULE = YES;
				DYLIB_COMPATIBILITY_VERSION = 1;
				DYLIB_CURRENT_VERSION = 1;
				DYLIB_INSTALL_NAME_BASE = "@rpath";
				INFOPLIST_FILE = Application/Info.plist;
				INSTALL_PATH = "$(LOCAL_LIBRARY_DIR)/Frameworks";
				IPHONEOS_DEPLOYMENT_TARGET = 14.3;
				LD_RUNPATH_SEARCH_PATHS = (
					"$(inherited)",
					"@executable_path/Frameworks",
					"@loader_path/Frameworks",
				);
				PRODUCT_BUNDLE_IDENTIFIER = com.matheusvds.Application;
				PRODUCT_NAME = "$(TARGET_NAME:c99extidentifier)";
				SKIP_INSTALL = YES;
				SWIFT_VERSION = 5.0;
				TARGETED_DEVICE_FAMILY = "1,2";
			};
			name = Release;
		};
		C65A800C261E10610077F02C /* Debug */ = {
			isa = XCBuildConfiguration;
			buildSettings = {
				ALWAYS_EMBED_SWIFT_STANDARD_LIBRARIES = YES;
				CODE_SIGN_STYLE = Automatic;
				INFOPLIST_FILE = ApplicationTests/Info.plist;
				LD_RUNPATH_SEARCH_PATHS = (
					"$(inherited)",
					"@executable_path/Frameworks",
					"@loader_path/Frameworks",
				);
				PRODUCT_BUNDLE_IDENTIFIER = com.matheusvds.ApplicationTests;
				PRODUCT_NAME = "$(TARGET_NAME)";
				SWIFT_VERSION = 5.0;
				TARGETED_DEVICE_FAMILY = "1,2";
			};
			name = Debug;
		};
		C65A800D261E10610077F02C /* Release */ = {
			isa = XCBuildConfiguration;
			buildSettings = {
				ALWAYS_EMBED_SWIFT_STANDARD_LIBRARIES = YES;
				CODE_SIGN_STYLE = Automatic;
				INFOPLIST_FILE = ApplicationTests/Info.plist;
				LD_RUNPATH_SEARCH_PATHS = (
					"$(inherited)",
					"@executable_path/Frameworks",
					"@loader_path/Frameworks",
				);
				PRODUCT_BUNDLE_IDENTIFIER = com.matheusvds.ApplicationTests;
				PRODUCT_NAME = "$(TARGET_NAME)";
				SWIFT_VERSION = 5.0;
				TARGETED_DEVICE_FAMILY = "1,2";
			};
			name = Release;
		};
		C65A806D261E21D60077F02C /* Debug */ = {
			isa = XCBuildConfiguration;
			buildSettings = {
				ALWAYS_EMBED_SWIFT_STANDARD_LIBRARIES = YES;
				ASSETCATALOG_COMPILER_APPICON_NAME = AppIcon;
				ASSETCATALOG_COMPILER_GLOBAL_ACCENT_COLOR_NAME = AccentColor;
				CODE_SIGN_STYLE = Automatic;
				DEVELOPMENT_TEAM = 22D7B6J4M7;
				INFOPLIST_FILE = SchipholAirportApp/Info.plist;
				IPHONEOS_DEPLOYMENT_TARGET = 14.3;
				LD_RUNPATH_SEARCH_PATHS = (
					"$(inherited)",
					"@executable_path/Frameworks",
				);
				PRODUCT_BUNDLE_IDENTIFIER = com.matheusvds.SchipholAirportApp;
				PRODUCT_NAME = "$(TARGET_NAME)";
				SWIFT_VERSION = 5.0;
				TARGETED_DEVICE_FAMILY = "1,2";
			};
			name = Debug;
		};
		C65A806E261E21D60077F02C /* Release */ = {
			isa = XCBuildConfiguration;
			buildSettings = {
				ALWAYS_EMBED_SWIFT_STANDARD_LIBRARIES = YES;
				ASSETCATALOG_COMPILER_APPICON_NAME = AppIcon;
				ASSETCATALOG_COMPILER_GLOBAL_ACCENT_COLOR_NAME = AccentColor;
				CODE_SIGN_STYLE = Automatic;
				DEVELOPMENT_TEAM = 22D7B6J4M7;
				INFOPLIST_FILE = SchipholAirportApp/Info.plist;
				IPHONEOS_DEPLOYMENT_TARGET = 14.3;
				LD_RUNPATH_SEARCH_PATHS = (
					"$(inherited)",
					"@executable_path/Frameworks",
				);
				PRODUCT_BUNDLE_IDENTIFIER = com.matheusvds.SchipholAirportApp;
				PRODUCT_NAME = "$(TARGET_NAME)";
				SWIFT_VERSION = 5.0;
				TARGETED_DEVICE_FAMILY = "1,2";
			};
			name = Release;
		};
		C65A80BD261E25290077F02C /* Debug */ = {
			isa = XCBuildConfiguration;
			buildSettings = {
				CLANG_ENABLE_MODULES = YES;
				CODE_SIGN_STYLE = Automatic;
				DEFINES_MODULE = YES;
				DYLIB_COMPATIBILITY_VERSION = 1;
				DYLIB_CURRENT_VERSION = 1;
				DYLIB_INSTALL_NAME_BASE = "@rpath";
				INFOPLIST_FILE = UI/Info.plist;
				INSTALL_PATH = "$(LOCAL_LIBRARY_DIR)/Frameworks";
				IPHONEOS_DEPLOYMENT_TARGET = 14.3;
				LD_RUNPATH_SEARCH_PATHS = (
					"$(inherited)",
					"@executable_path/Frameworks",
					"@loader_path/Frameworks",
				);
				PRODUCT_BUNDLE_IDENTIFIER = com.matheusvds.UI;
				PRODUCT_NAME = "$(TARGET_NAME:c99extidentifier)";
				SKIP_INSTALL = YES;
				SUPPORTS_MACCATALYST = NO;
				SWIFT_OPTIMIZATION_LEVEL = "-Onone";
				SWIFT_VERSION = 5.0;
				TARGETED_DEVICE_FAMILY = "1,2";
			};
			name = Debug;
		};
		C65A80BE261E25290077F02C /* Release */ = {
			isa = XCBuildConfiguration;
			buildSettings = {
				CLANG_ENABLE_MODULES = YES;
				CODE_SIGN_STYLE = Automatic;
				DEFINES_MODULE = YES;
				DYLIB_COMPATIBILITY_VERSION = 1;
				DYLIB_CURRENT_VERSION = 1;
				DYLIB_INSTALL_NAME_BASE = "@rpath";
				INFOPLIST_FILE = UI/Info.plist;
				INSTALL_PATH = "$(LOCAL_LIBRARY_DIR)/Frameworks";
				IPHONEOS_DEPLOYMENT_TARGET = 14.3;
				LD_RUNPATH_SEARCH_PATHS = (
					"$(inherited)",
					"@executable_path/Frameworks",
					"@loader_path/Frameworks",
				);
				PRODUCT_BUNDLE_IDENTIFIER = com.matheusvds.UI;
				PRODUCT_NAME = "$(TARGET_NAME:c99extidentifier)";
				SKIP_INSTALL = YES;
				SUPPORTS_MACCATALYST = NO;
				SWIFT_VERSION = 5.0;
				TARGETED_DEVICE_FAMILY = "1,2";
			};
			name = Release;
		};
/* End XCBuildConfiguration section */

/* Begin XCConfigurationList section */
		C632E5D7261CDD220033656B /* Build configuration list for PBXProject "SchipholAirport" */ = {
			isa = XCConfigurationList;
			buildConfigurations = (
				C632E5E3261CDD220033656B /* Debug */,
				C632E5E4261CDD220033656B /* Release */,
			);
			defaultConfigurationIsVisible = 0;
			defaultConfigurationName = Release;
		};
		C632E5F4261CDEAD0033656B /* Build configuration list for PBXNativeTarget "Domain" */ = {
			isa = XCConfigurationList;
			buildConfigurations = (
				C632E5F5261CDEAD0033656B /* Debug */,
				C632E5F6261CDEAD0033656B /* Release */,
			);
			defaultConfigurationIsVisible = 0;
			defaultConfigurationName = Release;
		};
		C632E611261CE1B20033656B /* Build configuration list for PBXNativeTarget "Data" */ = {
			isa = XCConfigurationList;
			buildConfigurations = (
				C632E612261CE1B20033656B /* Debug */,
				C632E613261CE1B20033656B /* Release */,
			);
			defaultConfigurationIsVisible = 0;
			defaultConfigurationName = Release;
		};
		C65A7F25261CF3E20077F02C /* Build configuration list for PBXNativeTarget "DataTests" */ = {
			isa = XCConfigurationList;
			buildConfigurations = (
				C65A7F23261CF3E20077F02C /* Debug */,
				C65A7F24261CF3E20077F02C /* Release */,
			);
			defaultConfigurationIsVisible = 0;
			defaultConfigurationName = Release;
		};
		C65A7F69261D01F30077F02C /* Build configuration list for PBXNativeTarget "Infra" */ = {
			isa = XCConfigurationList;
			buildConfigurations = (
				C65A7F6A261D01F30077F02C /* Debug */,
				C65A7F6B261D01F30077F02C /* Release */,
			);
			defaultConfigurationIsVisible = 0;
			defaultConfigurationName = Release;
		};
		C65A7F6C261D01F30077F02C /* Build configuration list for PBXNativeTarget "InfraTests" */ = {
			isa = XCConfigurationList;
			buildConfigurations = (
				C65A7F6D261D01F30077F02C /* Debug */,
				C65A7F6E261D01F30077F02C /* Release */,
			);
			defaultConfigurationIsVisible = 0;
			defaultConfigurationName = Release;
		};
		C65A7FAF261D06540077F02C /* Build configuration list for PBXNativeTarget "UseCasesIntegrationTests" */ = {
			isa = XCConfigurationList;
			buildConfigurations = (
				C65A7FB0261D06540077F02C /* Debug */,
				C65A7FB1261D06540077F02C /* Release */,
			);
			defaultConfigurationIsVisible = 0;
			defaultConfigurationName = Release;
		};
		C65A800E261E10610077F02C /* Build configuration list for PBXNativeTarget "Application" */ = {
			isa = XCConfigurationList;
			buildConfigurations = (
				C65A800A261E10610077F02C /* Debug */,
				C65A800B261E10610077F02C /* Release */,
			);
			defaultConfigurationIsVisible = 0;
			defaultConfigurationName = Release;
		};
		C65A800F261E10610077F02C /* Build configuration list for PBXNativeTarget "ApplicationTests" */ = {
			isa = XCConfigurationList;
			buildConfigurations = (
				C65A800C261E10610077F02C /* Debug */,
				C65A800D261E10610077F02C /* Release */,
			);
			defaultConfigurationIsVisible = 0;
			defaultConfigurationName = Release;
		};
		C65A806C261E21D60077F02C /* Build configuration list for PBXNativeTarget "SchipholAirportApp" */ = {
			isa = XCConfigurationList;
			buildConfigurations = (
				C65A806D261E21D60077F02C /* Debug */,
				C65A806E261E21D60077F02C /* Release */,
			);
			defaultConfigurationIsVisible = 0;
			defaultConfigurationName = Release;
		};
		C65A80BC261E25290077F02C /* Build configuration list for PBXNativeTarget "UI" */ = {
			isa = XCConfigurationList;
			buildConfigurations = (
				C65A80BD261E25290077F02C /* Debug */,
				C65A80BE261E25290077F02C /* Release */,
			);
			defaultConfigurationIsVisible = 0;
			defaultConfigurationName = Release;
		};
/* End XCConfigurationList section */
	};
	rootObject = C632E5D4261CDD220033656B /* Project object */;
}
